
Microsoft Visual Studio Solution File, Format Version 12.00
# Visual Studio 15
VisualStudioVersion = 15.0.26127.3
MinimumVisualStudioVersion = 10.0.40219.1
Project("{2150E333-8FDC-42A3-9474-1A3956D46DE8}") = "src", "src", "{AABCE28E-FFC3-4121-8863-1A41529CE867}"
EndProject
Project("{2150E333-8FDC-42A3-9474-1A3956D46DE8}") = "test", "test", "{1B52DFBF-BC2A-4281-BE87-52F43661E9D3}"
EndProject
Project("{9A19103F-16F7-4668-BE54-9A1E7A4F7556}") = "Hl7.FhirPath", "src\Hl7.FhirPath\Hl7.FhirPath.csproj", "{8B0CE78F-121C-4200-BB2D-75DC1D0974A9}"
EndProject
Project("{9A19103F-16F7-4668-BE54-9A1E7A4F7556}") = "HL7.FhirPath.Tests", "test\HL7.FhirPath.Tests\HL7.FhirPath.Tests.csproj", "{9D24368D-2115-450F-BE42-1D7A7A178BC8}"
EndProject
Global
	GlobalSection(SolutionConfigurationPlatforms) = preSolution
		Debug|Any CPU = Debug|Any CPU
		Debug|x64 = Debug|x64
		Debug|x86 = Debug|x86
		Release|Any CPU = Release|Any CPU
		Release|x64 = Release|x64
		Release|x86 = Release|x86
	EndGlobalSection
	GlobalSection(ProjectConfigurationPlatforms) = postSolution
		{8B0CE78F-121C-4200-BB2D-75DC1D0974A9}.Debug|Any CPU.ActiveCfg = Debug|Any CPU
		{8B0CE78F-121C-4200-BB2D-75DC1D0974A9}.Debug|Any CPU.Build.0 = Debug|Any CPU
		{8B0CE78F-121C-4200-BB2D-75DC1D0974A9}.Debug|x64.ActiveCfg = Debug|x64
		{8B0CE78F-121C-4200-BB2D-75DC1D0974A9}.Debug|x64.Build.0 = Debug|x64
		{8B0CE78F-121C-4200-BB2D-75DC1D0974A9}.Debug|x86.ActiveCfg = Debug|x86
		{8B0CE78F-121C-4200-BB2D-75DC1D0974A9}.Debug|x86.Build.0 = Debug|x86
		{8B0CE78F-121C-4200-BB2D-75DC1D0974A9}.Release|Any CPU.ActiveCfg = Release|Any CPU
		{8B0CE78F-121C-4200-BB2D-75DC1D0974A9}.Release|Any CPU.Build.0 = Release|Any CPU
		{8B0CE78F-121C-4200-BB2D-75DC1D0974A9}.Release|x64.ActiveCfg = Release|x64
		{8B0CE78F-121C-4200-BB2D-75DC1D0974A9}.Release|x64.Build.0 = Release|x64
		{8B0CE78F-121C-4200-BB2D-75DC1D0974A9}.Release|x86.ActiveCfg = Release|x86
		{8B0CE78F-121C-4200-BB2D-75DC1D0974A9}.Release|x86.Build.0 = Release|x86
		{9D24368D-2115-450F-BE42-1D7A7A178BC8}.Debug|Any CPU.ActiveCfg = Debug|Any CPU
		{9D24368D-2115-450F-BE42-1D7A7A178BC8}.Debug|Any CPU.Build.0 = Debug|Any CPU
		{9D24368D-2115-450F-BE42-1D7A7A178BC8}.Debug|x64.ActiveCfg = Debug|x64
		{9D24368D-2115-450F-BE42-1D7A7A178BC8}.Debug|x64.Build.0 = Debug|x64
		{9D24368D-2115-450F-BE42-1D7A7A178BC8}.Debug|x86.ActiveCfg = Debug|x86
		{9D24368D-2115-450F-BE42-1D7A7A178BC8}.Debug|x86.Build.0 = Debug|x86
		{9D24368D-2115-450F-BE42-1D7A7A178BC8}.Release|Any CPU.ActiveCfg = Release|Any CPU
		{9D24368D-2115-450F-BE42-1D7A7A178BC8}.Release|Any CPU.Build.0 = Release|Any CPU
		{9D24368D-2115-450F-BE42-1D7A7A178BC8}.Release|x64.ActiveCfg = Release|x64
		{9D24368D-2115-450F-BE42-1D7A7A178BC8}.Release|x64.Build.0 = Release|x64
		{9D24368D-2115-450F-BE42-1D7A7A178BC8}.Release|x86.ActiveCfg = Release|x86
		{9D24368D-2115-450F-BE42-1D7A7A178BC8}.Release|x86.Build.0 = Release|x86
	EndGlobalSection
	GlobalSection(SolutionProperties) = preSolution
		HideSolutionNode = FALSE
	EndGlobalSection
	GlobalSection(NestedProjects) = preSolution
		{8B0CE78F-121C-4200-BB2D-75DC1D0974A9} = {AABCE28E-FFC3-4121-8863-1A41529CE867}
		{9D24368D-2115-450F-BE42-1D7A7A178BC8} = {1B52DFBF-BC2A-4281-BE87-52F43661E9D3}
	EndGlobalSection
EndGlobal
