Microsoft Visual Studio Solution File, Format Version 12.00
# Visual Studio Version 17
VisualStudioVersion = 17.0.31808.319
MinimumVisualStudioVersion = 10.0.40219.1
Project("{2150E333-8FDC-42A3-9474-1A3956D46DE8}") = "Solution Items", "Solution Items", "{2836B1CC-7AAF-46AB-BEA8-98DFEA170414}"
	ProjectSection(SolutionItems) = preProject
		.editorconfig = .editorconfig
		common\src\firely-net-common-tests.props = common\src\firely-net-common-tests.props
		common\src\firely-net-common.props = common\src\firely-net-common.props
		src\firely-net-sdk-tests.props = src\firely-net-sdk-tests.props
		src\firely-net-sdk.props = src\firely-net-sdk.props
	EndProjectSection
EndProject
Project("{2150E333-8FDC-42A3-9474-1A3956D46DE8}") = "Tests", "Tests", "{7089FA86-6527-4DFA-8018-AFEF25D74A48}"
EndProject
Project("{9A19103F-16F7-4668-BE54-9A1E7A4F7556}") = "Hl7.Fhir.Core", "src\Hl7.Fhir.Core\Hl7.Fhir.Core.csproj", "{1826F7DB-EA5D-4761-B393-06BF931217DA}"
EndProject
Project("{9A19103F-16F7-4668-BE54-9A1E7A4F7556}") = "Hl7.Fhir.Specification", "src\Hl7.Fhir.Specification\Hl7.Fhir.Specification.csproj", "{1D30A77E-6696-4D64-837D-7C369BD45924}"
EndProject
Project("{9A19103F-16F7-4668-BE54-9A1E7A4F7556}") = "Hl7.Fhir.Core.Tests", "src\Hl7.Fhir.Core.Tests\Hl7.Fhir.Core.Tests.csproj", "{FF310658-A747-4ED0-87F2-FE5994EC24D0}"
EndProject
Project("{9A19103F-16F7-4668-BE54-9A1E7A4F7556}") = "Hl7.Fhir.Specification.Tests", "src\Hl7.Fhir.Specification.Tests\Hl7.Fhir.Specification.Tests.csproj", "{745BAEE7-A494-49AC-9B16-8D045191096C}"
EndProject
Project("{9A19103F-16F7-4668-BE54-9A1E7A4F7556}") = "Hl7.Fhir.ElementModel.Tests", "src\Hl7.Fhir.ElementModel.Tests\Hl7.Fhir.ElementModel.Tests.csproj", "{A43E4898-67EB-47A4-92B5-A9CD7EAEC47E}"
EndProject
Project("{9A19103F-16F7-4668-BE54-9A1E7A4F7556}") = "Hl7.Fhir.Serialization.Tests", "src\Hl7.Fhir.Serialization.Tests\Hl7.Fhir.Serialization.Tests.csproj", "{312CAAA6-F38F-407B-9AC0-1DE1E91DDEEF}"
EndProject
Project("{2150E333-8FDC-42A3-9474-1A3956D46DE8}") = "Common", "Common", "{8FA8427B-CC6B-41E2-83A4-F635AC311879}"
EndProject
Project("{2150E333-8FDC-42A3-9474-1A3956D46DE8}") = "Common", "Common", "{DB63F8A9-84B4-4220-860C-79FC979FB435}"
EndProject
Project("{9A19103F-16F7-4668-BE54-9A1E7A4F7556}") = "Hl7.Fhir.ElementModel", "common\src\Hl7.Fhir.ElementModel\Hl7.Fhir.ElementModel.csproj", "{CF3D47D6-459A-443F-B403-1CCA35DD895F}"
EndProject
Project("{9A19103F-16F7-4668-BE54-9A1E7A4F7556}") = "Hl7.Fhir.Serialization", "common\src\Hl7.Fhir.Serialization\Hl7.Fhir.Serialization.csproj", "{726037A1-6341-47CE-9DCC-ED75A38D493F}"
EndProject
Project("{9A19103F-16F7-4668-BE54-9A1E7A4F7556}") = "Hl7.Fhir.Support", "common\src\Hl7.Fhir.Support\Hl7.Fhir.Support.csproj", "{84323265-9E5F-4351-99BE-D403C742BF00}"
EndProject
Project("{9A19103F-16F7-4668-BE54-9A1E7A4F7556}") = "Hl7.Fhir.Support.Poco", "common\src\Hl7.Fhir.Support.Poco\Hl7.Fhir.Support.Poco.csproj", "{60C1C387-79DF-4651-A96E-6C3509AF520D}"
EndProject
Project("{9A19103F-16F7-4668-BE54-9A1E7A4F7556}") = "Hl7.FhirPath", "common\src\Hl7.FhirPath\Hl7.FhirPath.csproj", "{11D29FA2-930D-432A-9DC1-DECA85E3DE19}"
EndProject
Project("{9A19103F-16F7-4668-BE54-9A1E7A4F7556}") = "Hl7.Fhir.Support.Tests", "common\src\Hl7.Fhir.Support.Tests\Hl7.Fhir.Support.Tests.csproj", "{34145125-E6ED-47AE-B2F1-D5F39F7ED94D}"
EndProject
Project("{9A19103F-16F7-4668-BE54-9A1E7A4F7556}") = "HL7.FhirPath.Tests", "common\src\Hl7.FhirPath.Tests\HL7.FhirPath.Tests.csproj", "{98390A5A-0F65-4275-ADF1-ADF4BD915FA3}"
EndProject
Project("{9A19103F-16F7-4668-BE54-9A1E7A4F7556}") = "Hl7.FhirPath.R4.Tests", "src\Hl7.FhirPath.R4.Tests\Hl7.FhirPath.R4.Tests.csproj", "{0398FF0A-D09D-45FB-AFC4-6A01F1BDB364}"
EndProject
Project("{9A19103F-16F7-4668-BE54-9A1E7A4F7556}") = "Hl7.Fhir.Support.Poco.Tests", "common\src\Hl7.Fhir.Support.Poco.Tests\Hl7.Fhir.Support.Poco.Tests.csproj", "{88E59825-ADF2-4B46-892F-BCC95B68559F}"
EndProject
Project("{9A19103F-16F7-4668-BE54-9A1E7A4F7556}") = "Benchmarks", "src\Benchmarks\Benchmarks.csproj", "{B28A75F1-AC9A-4CC9-9F6B-3DB78BAF7D8E}"
EndProject
Project("{9A19103F-16F7-4668-BE54-9A1E7A4F7556}") = "Benchmarks", "common\src\Benchmarks\Benchmarks.csproj", "{12D4C7CE-68D5-404C-B794-256887CB9653}"
EndProject
Global
	GlobalSection(SolutionConfigurationPlatforms) = preSolution
		Debug|Any CPU = Debug|Any CPU
		FullDebug|Any CPU = FullDebug|Any CPU
		Release|Any CPU = Release|Any CPU
	EndGlobalSection
	GlobalSection(ProjectConfigurationPlatforms) = postSolution
		{1826F7DB-EA5D-4761-B393-06BF931217DA}.Debug|Any CPU.ActiveCfg = Debug|Any CPU
		{1826F7DB-EA5D-4761-B393-06BF931217DA}.Debug|Any CPU.Build.0 = Debug|Any CPU
		{1826F7DB-EA5D-4761-B393-06BF931217DA}.FullDebug|Any CPU.ActiveCfg = FullDebug|Any CPU
		{1826F7DB-EA5D-4761-B393-06BF931217DA}.FullDebug|Any CPU.Build.0 = FullDebug|Any CPU
		{1826F7DB-EA5D-4761-B393-06BF931217DA}.Release|Any CPU.ActiveCfg = Release|Any CPU
		{1826F7DB-EA5D-4761-B393-06BF931217DA}.Release|Any CPU.Build.0 = Release|Any CPU
		{1D30A77E-6696-4D64-837D-7C369BD45924}.Debug|Any CPU.ActiveCfg = Debug|Any CPU
		{1D30A77E-6696-4D64-837D-7C369BD45924}.Debug|Any CPU.Build.0 = Debug|Any CPU
		{1D30A77E-6696-4D64-837D-7C369BD45924}.FullDebug|Any CPU.ActiveCfg = FullDebug|Any CPU
		{1D30A77E-6696-4D64-837D-7C369BD45924}.FullDebug|Any CPU.Build.0 = FullDebug|Any CPU
		{1D30A77E-6696-4D64-837D-7C369BD45924}.Release|Any CPU.ActiveCfg = Release|Any CPU
		{1D30A77E-6696-4D64-837D-7C369BD45924}.Release|Any CPU.Build.0 = Release|Any CPU
		{FF310658-A747-4ED0-87F2-FE5994EC24D0}.Debug|Any CPU.ActiveCfg = Debug|Any CPU
		{FF310658-A747-4ED0-87F2-FE5994EC24D0}.Debug|Any CPU.Build.0 = Debug|Any CPU
		{FF310658-A747-4ED0-87F2-FE5994EC24D0}.FullDebug|Any CPU.ActiveCfg = FullDebug|Any CPU
		{FF310658-A747-4ED0-87F2-FE5994EC24D0}.FullDebug|Any CPU.Build.0 = FullDebug|Any CPU
		{FF310658-A747-4ED0-87F2-FE5994EC24D0}.Release|Any CPU.ActiveCfg = Release|Any CPU
		{FF310658-A747-4ED0-87F2-FE5994EC24D0}.Release|Any CPU.Build.0 = Release|Any CPU
		{745BAEE7-A494-49AC-9B16-8D045191096C}.Debug|Any CPU.ActiveCfg = Debug|Any CPU
		{745BAEE7-A494-49AC-9B16-8D045191096C}.Debug|Any CPU.Build.0 = Debug|Any CPU
		{745BAEE7-A494-49AC-9B16-8D045191096C}.FullDebug|Any CPU.ActiveCfg = FullDebug|Any CPU
		{745BAEE7-A494-49AC-9B16-8D045191096C}.FullDebug|Any CPU.Build.0 = FullDebug|Any CPU
		{745BAEE7-A494-49AC-9B16-8D045191096C}.Release|Any CPU.ActiveCfg = Release|Any CPU
		{745BAEE7-A494-49AC-9B16-8D045191096C}.Release|Any CPU.Build.0 = Release|Any CPU
		{A43E4898-67EB-47A4-92B5-A9CD7EAEC47E}.Debug|Any CPU.ActiveCfg = Debug|Any CPU
		{A43E4898-67EB-47A4-92B5-A9CD7EAEC47E}.Debug|Any CPU.Build.0 = Debug|Any CPU
		{A43E4898-67EB-47A4-92B5-A9CD7EAEC47E}.FullDebug|Any CPU.ActiveCfg = FullDebug|Any CPU
		{A43E4898-67EB-47A4-92B5-A9CD7EAEC47E}.FullDebug|Any CPU.Build.0 = FullDebug|Any CPU
		{A43E4898-67EB-47A4-92B5-A9CD7EAEC47E}.Release|Any CPU.ActiveCfg = Release|Any CPU
		{A43E4898-67EB-47A4-92B5-A9CD7EAEC47E}.Release|Any CPU.Build.0 = Release|Any CPU
		{312CAAA6-F38F-407B-9AC0-1DE1E91DDEEF}.Debug|Any CPU.ActiveCfg = Debug|Any CPU
		{312CAAA6-F38F-407B-9AC0-1DE1E91DDEEF}.Debug|Any CPU.Build.0 = Debug|Any CPU
		{312CAAA6-F38F-407B-9AC0-1DE1E91DDEEF}.FullDebug|Any CPU.ActiveCfg = FullDebug|Any CPU
		{312CAAA6-F38F-407B-9AC0-1DE1E91DDEEF}.FullDebug|Any CPU.Build.0 = FullDebug|Any CPU
		{312CAAA6-F38F-407B-9AC0-1DE1E91DDEEF}.Release|Any CPU.ActiveCfg = Release|Any CPU
		{312CAAA6-F38F-407B-9AC0-1DE1E91DDEEF}.Release|Any CPU.Build.0 = Release|Any CPU
		{CF3D47D6-459A-443F-B403-1CCA35DD895F}.Debug|Any CPU.ActiveCfg = Debug|Any CPU
		{CF3D47D6-459A-443F-B403-1CCA35DD895F}.Debug|Any CPU.Build.0 = Debug|Any CPU
		{CF3D47D6-459A-443F-B403-1CCA35DD895F}.FullDebug|Any CPU.ActiveCfg = Debug|Any CPU
		{CF3D47D6-459A-443F-B403-1CCA35DD895F}.FullDebug|Any CPU.Build.0 = Debug|Any CPU
		{CF3D47D6-459A-443F-B403-1CCA35DD895F}.Release|Any CPU.ActiveCfg = Release|Any CPU
		{CF3D47D6-459A-443F-B403-1CCA35DD895F}.Release|Any CPU.Build.0 = Release|Any CPU
		{726037A1-6341-47CE-9DCC-ED75A38D493F}.Debug|Any CPU.ActiveCfg = Debug|Any CPU
		{726037A1-6341-47CE-9DCC-ED75A38D493F}.Debug|Any CPU.Build.0 = Debug|Any CPU
		{726037A1-6341-47CE-9DCC-ED75A38D493F}.FullDebug|Any CPU.ActiveCfg = Debug|Any CPU
		{726037A1-6341-47CE-9DCC-ED75A38D493F}.FullDebug|Any CPU.Build.0 = Debug|Any CPU
		{726037A1-6341-47CE-9DCC-ED75A38D493F}.Release|Any CPU.ActiveCfg = Release|Any CPU
		{726037A1-6341-47CE-9DCC-ED75A38D493F}.Release|Any CPU.Build.0 = Release|Any CPU
		{84323265-9E5F-4351-99BE-D403C742BF00}.Debug|Any CPU.ActiveCfg = Debug|Any CPU
		{84323265-9E5F-4351-99BE-D403C742BF00}.Debug|Any CPU.Build.0 = Debug|Any CPU
		{84323265-9E5F-4351-99BE-D403C742BF00}.FullDebug|Any CPU.ActiveCfg = Debug|Any CPU
		{84323265-9E5F-4351-99BE-D403C742BF00}.FullDebug|Any CPU.Build.0 = Debug|Any CPU
		{84323265-9E5F-4351-99BE-D403C742BF00}.Release|Any CPU.ActiveCfg = Release|Any CPU
		{84323265-9E5F-4351-99BE-D403C742BF00}.Release|Any CPU.Build.0 = Release|Any CPU
		{60C1C387-79DF-4651-A96E-6C3509AF520D}.Debug|Any CPU.ActiveCfg = Debug|Any CPU
		{60C1C387-79DF-4651-A96E-6C3509AF520D}.Debug|Any CPU.Build.0 = Debug|Any CPU
		{60C1C387-79DF-4651-A96E-6C3509AF520D}.FullDebug|Any CPU.ActiveCfg = Debug|Any CPU
		{60C1C387-79DF-4651-A96E-6C3509AF520D}.FullDebug|Any CPU.Build.0 = Debug|Any CPU
		{60C1C387-79DF-4651-A96E-6C3509AF520D}.Release|Any CPU.ActiveCfg = Release|Any CPU
		{60C1C387-79DF-4651-A96E-6C3509AF520D}.Release|Any CPU.Build.0 = Release|Any CPU
		{11D29FA2-930D-432A-9DC1-DECA85E3DE19}.Debug|Any CPU.ActiveCfg = Debug|Any CPU
		{11D29FA2-930D-432A-9DC1-DECA85E3DE19}.Debug|Any CPU.Build.0 = Debug|Any CPU
		{11D29FA2-930D-432A-9DC1-DECA85E3DE19}.FullDebug|Any CPU.ActiveCfg = Debug|Any CPU
		{11D29FA2-930D-432A-9DC1-DECA85E3DE19}.FullDebug|Any CPU.Build.0 = Debug|Any CPU
		{11D29FA2-930D-432A-9DC1-DECA85E3DE19}.Release|Any CPU.ActiveCfg = Release|Any CPU
		{11D29FA2-930D-432A-9DC1-DECA85E3DE19}.Release|Any CPU.Build.0 = Release|Any CPU
		{34145125-E6ED-47AE-B2F1-D5F39F7ED94D}.Debug|Any CPU.ActiveCfg = Debug|Any CPU
		{34145125-E6ED-47AE-B2F1-D5F39F7ED94D}.Debug|Any CPU.Build.0 = Debug|Any CPU
		{34145125-E6ED-47AE-B2F1-D5F39F7ED94D}.FullDebug|Any CPU.ActiveCfg = Debug|Any CPU
		{34145125-E6ED-47AE-B2F1-D5F39F7ED94D}.FullDebug|Any CPU.Build.0 = Debug|Any CPU
		{34145125-E6ED-47AE-B2F1-D5F39F7ED94D}.Release|Any CPU.ActiveCfg = Release|Any CPU
		{34145125-E6ED-47AE-B2F1-D5F39F7ED94D}.Release|Any CPU.Build.0 = Release|Any CPU
		{98390A5A-0F65-4275-ADF1-ADF4BD915FA3}.Debug|Any CPU.ActiveCfg = Debug|Any CPU
		{98390A5A-0F65-4275-ADF1-ADF4BD915FA3}.Debug|Any CPU.Build.0 = Debug|Any CPU
		{98390A5A-0F65-4275-ADF1-ADF4BD915FA3}.FullDebug|Any CPU.ActiveCfg = Debug|Any CPU
		{98390A5A-0F65-4275-ADF1-ADF4BD915FA3}.FullDebug|Any CPU.Build.0 = Debug|Any CPU
		{98390A5A-0F65-4275-ADF1-ADF4BD915FA3}.Release|Any CPU.ActiveCfg = Release|Any CPU
		{98390A5A-0F65-4275-ADF1-ADF4BD915FA3}.Release|Any CPU.Build.0 = Release|Any CPU
		{0398FF0A-D09D-45FB-AFC4-6A01F1BDB364}.Debug|Any CPU.ActiveCfg = Debug|Any CPU
		{0398FF0A-D09D-45FB-AFC4-6A01F1BDB364}.Debug|Any CPU.Build.0 = Debug|Any CPU
		{0398FF0A-D09D-45FB-AFC4-6A01F1BDB364}.FullDebug|Any CPU.ActiveCfg = FullDebug|Any CPU
		{0398FF0A-D09D-45FB-AFC4-6A01F1BDB364}.FullDebug|Any CPU.Build.0 = FullDebug|Any CPU
		{0398FF0A-D09D-45FB-AFC4-6A01F1BDB364}.Release|Any CPU.ActiveCfg = Release|Any CPU
		{0398FF0A-D09D-45FB-AFC4-6A01F1BDB364}.Release|Any CPU.Build.0 = Release|Any CPU
		{88E59825-ADF2-4B46-892F-BCC95B68559F}.Debug|Any CPU.ActiveCfg = Debug|Any CPU
		{88E59825-ADF2-4B46-892F-BCC95B68559F}.Debug|Any CPU.Build.0 = Debug|Any CPU
		{88E59825-ADF2-4B46-892F-BCC95B68559F}.FullDebug|Any CPU.ActiveCfg = Debug|Any CPU
		{88E59825-ADF2-4B46-892F-BCC95B68559F}.FullDebug|Any CPU.Build.0 = Debug|Any CPU
		{88E59825-ADF2-4B46-892F-BCC95B68559F}.Release|Any CPU.ActiveCfg = Release|Any CPU
		{88E59825-ADF2-4B46-892F-BCC95B68559F}.Release|Any CPU.Build.0 = Release|Any CPU
		{B28A75F1-AC9A-4CC9-9F6B-3DB78BAF7D8E}.Debug|Any CPU.ActiveCfg = Debug|Any CPU
		{B28A75F1-AC9A-4CC9-9F6B-3DB78BAF7D8E}.Debug|Any CPU.Build.0 = Debug|Any CPU
		{B28A75F1-AC9A-4CC9-9F6B-3DB78BAF7D8E}.FullDebug|Any CPU.ActiveCfg = Debug|Any CPU
		{B28A75F1-AC9A-4CC9-9F6B-3DB78BAF7D8E}.FullDebug|Any CPU.Build.0 = Debug|Any CPU
		{B28A75F1-AC9A-4CC9-9F6B-3DB78BAF7D8E}.Release|Any CPU.ActiveCfg = Release|Any CPU
		{B28A75F1-AC9A-4CC9-9F6B-3DB78BAF7D8E}.Release|Any CPU.Build.0 = Release|Any CPU
		{12D4C7CE-68D5-404C-B794-256887CB9653}.Debug|Any CPU.ActiveCfg = Debug|Any CPU
		{12D4C7CE-68D5-404C-B794-256887CB9653}.Debug|Any CPU.Build.0 = Debug|Any CPU
		{12D4C7CE-68D5-404C-B794-256887CB9653}.FullDebug|Any CPU.ActiveCfg = Debug|Any CPU
		{12D4C7CE-68D5-404C-B794-256887CB9653}.FullDebug|Any CPU.Build.0 = Debug|Any CPU
		{12D4C7CE-68D5-404C-B794-256887CB9653}.Release|Any CPU.ActiveCfg = Release|Any CPU
		{12D4C7CE-68D5-404C-B794-256887CB9653}.Release|Any CPU.Build.0 = Release|Any CPU
	EndGlobalSection
	GlobalSection(SolutionProperties) = preSolution
		HideSolutionNode = FALSE
	EndGlobalSection
	GlobalSection(NestedProjects) = preSolution
		{FF310658-A747-4ED0-87F2-FE5994EC24D0} = {7089FA86-6527-4DFA-8018-AFEF25D74A48}
		{745BAEE7-A494-49AC-9B16-8D045191096C} = {7089FA86-6527-4DFA-8018-AFEF25D74A48}
		{A43E4898-67EB-47A4-92B5-A9CD7EAEC47E} = {7089FA86-6527-4DFA-8018-AFEF25D74A48}
		{312CAAA6-F38F-407B-9AC0-1DE1E91DDEEF} = {7089FA86-6527-4DFA-8018-AFEF25D74A48}
		{DB63F8A9-84B4-4220-860C-79FC979FB435} = {7089FA86-6527-4DFA-8018-AFEF25D74A48}
		{CF3D47D6-459A-443F-B403-1CCA35DD895F} = {8FA8427B-CC6B-41E2-83A4-F635AC311879}
		{726037A1-6341-47CE-9DCC-ED75A38D493F} = {8FA8427B-CC6B-41E2-83A4-F635AC311879}
		{84323265-9E5F-4351-99BE-D403C742BF00} = {8FA8427B-CC6B-41E2-83A4-F635AC311879}
		{60C1C387-79DF-4651-A96E-6C3509AF520D} = {8FA8427B-CC6B-41E2-83A4-F635AC311879}
		{11D29FA2-930D-432A-9DC1-DECA85E3DE19} = {8FA8427B-CC6B-41E2-83A4-F635AC311879}
		{34145125-E6ED-47AE-B2F1-D5F39F7ED94D} = {DB63F8A9-84B4-4220-860C-79FC979FB435}
		{98390A5A-0F65-4275-ADF1-ADF4BD915FA3} = {DB63F8A9-84B4-4220-860C-79FC979FB435}
		{0398FF0A-D09D-45FB-AFC4-6A01F1BDB364} = {7089FA86-6527-4DFA-8018-AFEF25D74A48}
		{88E59825-ADF2-4B46-892F-BCC95B68559F} = {DB63F8A9-84B4-4220-860C-79FC979FB435}
		{B28A75F1-AC9A-4CC9-9F6B-3DB78BAF7D8E} = {7089FA86-6527-4DFA-8018-AFEF25D74A48}
		{12D4C7CE-68D5-404C-B794-256887CB9653} = {DB63F8A9-84B4-4220-860C-79FC979FB435}
	EndGlobalSection
	GlobalSection(ExtensibilityGlobals) = postSolution
		SolutionGuid = {DD5B5B64-FEB1-4E05-90A1-64F3A1A0EB75}
	EndGlobalSection
EndGlobal
