
Microsoft Visual Studio Solution File, Format Version 12.00
# Visual Studio Version 16
VisualStudioVersion = 16.0.28803.352
MinimumVisualStudioVersion = 10.0.40219.1
Project("{9A19103F-16F7-4668-BE54-9A1E7A4F7556}") = "Hl7.Fhir.Core", "src\Hl7.Fhir.Core\Hl7.Fhir.Core.csproj", "{1E26FE9D-EEF8-4C39-B54F-6CA12F7C7CA5}"
EndProject
Project("{9A19103F-16F7-4668-BE54-9A1E7A4F7556}") = "Hl7.Fhir.Core.Tests", "src\Hl7.Fhir.Core.Tests\Hl7.Fhir.Core.Tests.csproj", "{6E78C31B-1D65-4B6C-B3A3-97EF2776CA8E}"
EndProject
Project("{9A19103F-16F7-4668-BE54-9A1E7A4F7556}") = "Hl7.Fhir.Specification", "src\Hl7.Fhir.Specification\Hl7.Fhir.Specification.csproj", "{34A3B072-5ABC-4F7C-B7E8-0AB67C58CC61}"
EndProject
Project("{9A19103F-16F7-4668-BE54-9A1E7A4F7556}") = "Hl7.Fhir.Specification.Tests", "src\Hl7.Fhir.Specification.Tests\Hl7.Fhir.Specification.Tests.csproj", "{6FED47F1-F7EF-42E8-9FF8-FC1439F04DF2}"
EndProject
Project("{2150E333-8FDC-42A3-9474-1A3956D46DE8}") = "Solution Items", "Solution Items", "{4D651AFD-CDC8-4836-8EDE-B30B51EB6FC2}"
	ProjectSection(SolutionItems) = preProject
		src\fhir-net-api.props = src\fhir-net-api.props
		src\fhir-net-api.targets = src\fhir-net-api.targets
	EndProjectSection
EndProject
Project("{9A19103F-16F7-4668-BE54-9A1E7A4F7556}") = "Hl7.Fhir.Serialization.Tests", "src\Hl7.Fhir.Serialization.Tests\Hl7.Fhir.Serialization.Tests.csproj", "{974D9FEE-BF6D-407F-95D4-6C131DB2F660}"
EndProject
Project("{9A19103F-16F7-4668-BE54-9A1E7A4F7556}") = "Hl7.Fhir.ElementModel.Tests", "src\Hl7.Fhir.ElementModel.Tests\Hl7.Fhir.ElementModel.Tests.csproj", "{26A16F92-E601-48CE-A258-0D339F44DED8}"
EndProject
Project("{2150E333-8FDC-42A3-9474-1A3956D46DE8}") = "Tests", "Tests", "{7089FA86-6527-4DFA-8018-AFEF25D74A48}"
EndProject
Project("{2150E333-8FDC-42A3-9474-1A3956D46DE8}") = "Common", "Common", "{A813C366-39CF-4753-A6D5-A24FA97A467D}"
EndProject
Project("{9A19103F-16F7-4668-BE54-9A1E7A4F7556}") = "Hl7.Fhir.ElementModel", "common\src\Hl7.Fhir.ElementModel\Hl7.Fhir.ElementModel.csproj", "{4EEC12FB-B35C-411A-A95D-A51C566F8926}"
EndProject
Project("{9A19103F-16F7-4668-BE54-9A1E7A4F7556}") = "Hl7.Fhir.Serialization", "common\src\Hl7.Fhir.Serialization\Hl7.Fhir.Serialization.csproj", "{4F4CC46E-7556-46BC-95C1-BDF1B9977518}"
EndProject
Project("{9A19103F-16F7-4668-BE54-9A1E7A4F7556}") = "Hl7.Fhir.Support", "common\src\Hl7.Fhir.Support\Hl7.Fhir.Support.csproj", "{B012003B-6B9B-4A22-8BB5-5F9B05EE2B8C}"
EndProject
Project("{9A19103F-16F7-4668-BE54-9A1E7A4F7556}") = "Hl7.Fhir.Support.Poco", "common\src\Hl7.Fhir.Support.Poco\Hl7.Fhir.Support.Poco.csproj", "{FA444EF2-D6BC-4EFE-B2B6-B673BBA9676F}"
EndProject
Project("{9A19103F-16F7-4668-BE54-9A1E7A4F7556}") = "Hl7.FhirPath", "common\src\Hl7.FhirPath\Hl7.FhirPath.csproj", "{6CBE6919-EC27-45F9-8291-788553404D0E}"
EndProject
Project("{2150E333-8FDC-42A3-9474-1A3956D46DE8}") = "Common", "Common", "{9B4EEDA5-22E3-469E-BE09-DED704D028CF}"
EndProject
Project("{9A19103F-16F7-4668-BE54-9A1E7A4F7556}") = "Hl7.Fhir.Support.Tests", "common\src\Hl7.Fhir.Support.Tests\Hl7.Fhir.Support.Tests.csproj", "{0515B616-3989-4CEC-A28B-0FB34ABCBC35}"
EndProject
Project("{9A19103F-16F7-4668-BE54-9A1E7A4F7556}") = "HL7.FhirPath.Tests", "common\src\Hl7.FhirPath.Tests\HL7.FhirPath.Tests.csproj", "{BE5D09C9-7295-45C2-A571-FB44ACB50738}"
EndProject
Global
	GlobalSection(SolutionConfigurationPlatforms) = preSolution
		Debug|Any CPU = Debug|Any CPU
		Debug|x64 = Debug|x64
		Debug|x86 = Debug|x86
		Release|Any CPU = Release|Any CPU
		Release|x64 = Release|x64
		Release|x86 = Release|x86
	EndGlobalSection
	GlobalSection(ProjectConfigurationPlatforms) = postSolution
		{1E26FE9D-EEF8-4C39-B54F-6CA12F7C7CA5}.Debug|Any CPU.ActiveCfg = Debug|Any CPU
		{1E26FE9D-EEF8-4C39-B54F-6CA12F7C7CA5}.Debug|Any CPU.Build.0 = Debug|Any CPU
		{1E26FE9D-EEF8-4C39-B54F-6CA12F7C7CA5}.Debug|x64.ActiveCfg = Debug|Any CPU
		{1E26FE9D-EEF8-4C39-B54F-6CA12F7C7CA5}.Debug|x64.Build.0 = Debug|Any CPU
		{1E26FE9D-EEF8-4C39-B54F-6CA12F7C7CA5}.Debug|x86.ActiveCfg = Debug|Any CPU
		{1E26FE9D-EEF8-4C39-B54F-6CA12F7C7CA5}.Debug|x86.Build.0 = Debug|Any CPU
		{1E26FE9D-EEF8-4C39-B54F-6CA12F7C7CA5}.Release|Any CPU.ActiveCfg = Release|Any CPU
		{1E26FE9D-EEF8-4C39-B54F-6CA12F7C7CA5}.Release|Any CPU.Build.0 = Release|Any CPU
		{1E26FE9D-EEF8-4C39-B54F-6CA12F7C7CA5}.Release|x64.ActiveCfg = Release|Any CPU
		{1E26FE9D-EEF8-4C39-B54F-6CA12F7C7CA5}.Release|x64.Build.0 = Release|Any CPU
		{1E26FE9D-EEF8-4C39-B54F-6CA12F7C7CA5}.Release|x86.ActiveCfg = Release|Any CPU
		{1E26FE9D-EEF8-4C39-B54F-6CA12F7C7CA5}.Release|x86.Build.0 = Release|Any CPU
		{6E78C31B-1D65-4B6C-B3A3-97EF2776CA8E}.Debug|Any CPU.ActiveCfg = Debug|Any CPU
		{6E78C31B-1D65-4B6C-B3A3-97EF2776CA8E}.Debug|Any CPU.Build.0 = Debug|Any CPU
		{6E78C31B-1D65-4B6C-B3A3-97EF2776CA8E}.Debug|x64.ActiveCfg = Debug|Any CPU
		{6E78C31B-1D65-4B6C-B3A3-97EF2776CA8E}.Debug|x64.Build.0 = Debug|Any CPU
		{6E78C31B-1D65-4B6C-B3A3-97EF2776CA8E}.Debug|x86.ActiveCfg = Debug|Any CPU
		{6E78C31B-1D65-4B6C-B3A3-97EF2776CA8E}.Debug|x86.Build.0 = Debug|Any CPU
		{6E78C31B-1D65-4B6C-B3A3-97EF2776CA8E}.Release|Any CPU.ActiveCfg = Release|Any CPU
		{6E78C31B-1D65-4B6C-B3A3-97EF2776CA8E}.Release|Any CPU.Build.0 = Release|Any CPU
		{6E78C31B-1D65-4B6C-B3A3-97EF2776CA8E}.Release|x64.ActiveCfg = Release|Any CPU
		{6E78C31B-1D65-4B6C-B3A3-97EF2776CA8E}.Release|x64.Build.0 = Release|Any CPU
		{6E78C31B-1D65-4B6C-B3A3-97EF2776CA8E}.Release|x86.ActiveCfg = Release|Any CPU
		{6E78C31B-1D65-4B6C-B3A3-97EF2776CA8E}.Release|x86.Build.0 = Release|Any CPU
		{34A3B072-5ABC-4F7C-B7E8-0AB67C58CC61}.Debug|Any CPU.ActiveCfg = Debug|Any CPU
		{34A3B072-5ABC-4F7C-B7E8-0AB67C58CC61}.Debug|Any CPU.Build.0 = Debug|Any CPU
		{34A3B072-5ABC-4F7C-B7E8-0AB67C58CC61}.Debug|x64.ActiveCfg = Debug|Any CPU
		{34A3B072-5ABC-4F7C-B7E8-0AB67C58CC61}.Debug|x64.Build.0 = Debug|Any CPU
		{34A3B072-5ABC-4F7C-B7E8-0AB67C58CC61}.Debug|x86.ActiveCfg = Debug|Any CPU
		{34A3B072-5ABC-4F7C-B7E8-0AB67C58CC61}.Debug|x86.Build.0 = Debug|Any CPU
		{34A3B072-5ABC-4F7C-B7E8-0AB67C58CC61}.Release|Any CPU.ActiveCfg = Release|Any CPU
		{34A3B072-5ABC-4F7C-B7E8-0AB67C58CC61}.Release|Any CPU.Build.0 = Release|Any CPU
		{34A3B072-5ABC-4F7C-B7E8-0AB67C58CC61}.Release|x64.ActiveCfg = Release|Any CPU
		{34A3B072-5ABC-4F7C-B7E8-0AB67C58CC61}.Release|x64.Build.0 = Release|Any CPU
		{34A3B072-5ABC-4F7C-B7E8-0AB67C58CC61}.Release|x86.ActiveCfg = Release|Any CPU
		{34A3B072-5ABC-4F7C-B7E8-0AB67C58CC61}.Release|x86.Build.0 = Release|Any CPU
		{6FED47F1-F7EF-42E8-9FF8-FC1439F04DF2}.Debug|Any CPU.ActiveCfg = Debug|Any CPU
		{6FED47F1-F7EF-42E8-9FF8-FC1439F04DF2}.Debug|Any CPU.Build.0 = Debug|Any CPU
		{6FED47F1-F7EF-42E8-9FF8-FC1439F04DF2}.Debug|x64.ActiveCfg = Debug|Any CPU
		{6FED47F1-F7EF-42E8-9FF8-FC1439F04DF2}.Debug|x64.Build.0 = Debug|Any CPU
		{6FED47F1-F7EF-42E8-9FF8-FC1439F04DF2}.Debug|x86.ActiveCfg = Debug|Any CPU
		{6FED47F1-F7EF-42E8-9FF8-FC1439F04DF2}.Debug|x86.Build.0 = Debug|Any CPU
		{6FED47F1-F7EF-42E8-9FF8-FC1439F04DF2}.Release|Any CPU.ActiveCfg = Release|Any CPU
		{6FED47F1-F7EF-42E8-9FF8-FC1439F04DF2}.Release|Any CPU.Build.0 = Release|Any CPU
		{6FED47F1-F7EF-42E8-9FF8-FC1439F04DF2}.Release|x64.ActiveCfg = Release|Any CPU
		{6FED47F1-F7EF-42E8-9FF8-FC1439F04DF2}.Release|x64.Build.0 = Release|Any CPU
		{6FED47F1-F7EF-42E8-9FF8-FC1439F04DF2}.Release|x86.ActiveCfg = Release|Any CPU
		{6FED47F1-F7EF-42E8-9FF8-FC1439F04DF2}.Release|x86.Build.0 = Release|Any CPU
		{974D9FEE-BF6D-407F-95D4-6C131DB2F660}.Debug|Any CPU.ActiveCfg = Debug|Any CPU
		{974D9FEE-BF6D-407F-95D4-6C131DB2F660}.Debug|Any CPU.Build.0 = Debug|Any CPU
		{974D9FEE-BF6D-407F-95D4-6C131DB2F660}.Debug|x64.ActiveCfg = Debug|Any CPU
		{974D9FEE-BF6D-407F-95D4-6C131DB2F660}.Debug|x64.Build.0 = Debug|Any CPU
		{974D9FEE-BF6D-407F-95D4-6C131DB2F660}.Debug|x86.ActiveCfg = Debug|Any CPU
		{974D9FEE-BF6D-407F-95D4-6C131DB2F660}.Debug|x86.Build.0 = Debug|Any CPU
		{974D9FEE-BF6D-407F-95D4-6C131DB2F660}.Release|Any CPU.ActiveCfg = Release|Any CPU
		{974D9FEE-BF6D-407F-95D4-6C131DB2F660}.Release|Any CPU.Build.0 = Release|Any CPU
		{974D9FEE-BF6D-407F-95D4-6C131DB2F660}.Release|x64.ActiveCfg = Release|Any CPU
		{974D9FEE-BF6D-407F-95D4-6C131DB2F660}.Release|x64.Build.0 = Release|Any CPU
		{974D9FEE-BF6D-407F-95D4-6C131DB2F660}.Release|x86.ActiveCfg = Release|Any CPU
		{974D9FEE-BF6D-407F-95D4-6C131DB2F660}.Release|x86.Build.0 = Release|Any CPU
		{26A16F92-E601-48CE-A258-0D339F44DED8}.Debug|Any CPU.ActiveCfg = Debug|Any CPU
		{26A16F92-E601-48CE-A258-0D339F44DED8}.Debug|Any CPU.Build.0 = Debug|Any CPU
		{26A16F92-E601-48CE-A258-0D339F44DED8}.Debug|x64.ActiveCfg = Debug|Any CPU
		{26A16F92-E601-48CE-A258-0D339F44DED8}.Debug|x64.Build.0 = Debug|Any CPU
		{26A16F92-E601-48CE-A258-0D339F44DED8}.Debug|x86.ActiveCfg = Debug|Any CPU
		{26A16F92-E601-48CE-A258-0D339F44DED8}.Debug|x86.Build.0 = Debug|Any CPU
		{26A16F92-E601-48CE-A258-0D339F44DED8}.Release|Any CPU.ActiveCfg = Release|Any CPU
		{26A16F92-E601-48CE-A258-0D339F44DED8}.Release|Any CPU.Build.0 = Release|Any CPU
		{26A16F92-E601-48CE-A258-0D339F44DED8}.Release|x64.ActiveCfg = Release|Any CPU
		{26A16F92-E601-48CE-A258-0D339F44DED8}.Release|x64.Build.0 = Release|Any CPU
		{26A16F92-E601-48CE-A258-0D339F44DED8}.Release|x86.ActiveCfg = Release|Any CPU
		{26A16F92-E601-48CE-A258-0D339F44DED8}.Release|x86.Build.0 = Release|Any CPU
		{4EEC12FB-B35C-411A-A95D-A51C566F8926}.Debug|Any CPU.ActiveCfg = Debug|Any CPU
		{4EEC12FB-B35C-411A-A95D-A51C566F8926}.Debug|Any CPU.Build.0 = Debug|Any CPU
		{4EEC12FB-B35C-411A-A95D-A51C566F8926}.Debug|x64.ActiveCfg = Debug|Any CPU
		{4EEC12FB-B35C-411A-A95D-A51C566F8926}.Debug|x64.Build.0 = Debug|Any CPU
		{4EEC12FB-B35C-411A-A95D-A51C566F8926}.Debug|x86.ActiveCfg = Debug|Any CPU
		{4EEC12FB-B35C-411A-A95D-A51C566F8926}.Debug|x86.Build.0 = Debug|Any CPU
		{4EEC12FB-B35C-411A-A95D-A51C566F8926}.Release|Any CPU.ActiveCfg = Release|Any CPU
		{4EEC12FB-B35C-411A-A95D-A51C566F8926}.Release|Any CPU.Build.0 = Release|Any CPU
		{4EEC12FB-B35C-411A-A95D-A51C566F8926}.Release|x64.ActiveCfg = Release|Any CPU
		{4EEC12FB-B35C-411A-A95D-A51C566F8926}.Release|x64.Build.0 = Release|Any CPU
		{4EEC12FB-B35C-411A-A95D-A51C566F8926}.Release|x86.ActiveCfg = Release|Any CPU
		{4EEC12FB-B35C-411A-A95D-A51C566F8926}.Release|x86.Build.0 = Release|Any CPU
		{4F4CC46E-7556-46BC-95C1-BDF1B9977518}.Debug|Any CPU.ActiveCfg = Debug|Any CPU
		{4F4CC46E-7556-46BC-95C1-BDF1B9977518}.Debug|Any CPU.Build.0 = Debug|Any CPU
		{4F4CC46E-7556-46BC-95C1-BDF1B9977518}.Debug|x64.ActiveCfg = Debug|Any CPU
		{4F4CC46E-7556-46BC-95C1-BDF1B9977518}.Debug|x64.Build.0 = Debug|Any CPU
		{4F4CC46E-7556-46BC-95C1-BDF1B9977518}.Debug|x86.ActiveCfg = Debug|Any CPU
		{4F4CC46E-7556-46BC-95C1-BDF1B9977518}.Debug|x86.Build.0 = Debug|Any CPU
		{4F4CC46E-7556-46BC-95C1-BDF1B9977518}.Release|Any CPU.ActiveCfg = Release|Any CPU
		{4F4CC46E-7556-46BC-95C1-BDF1B9977518}.Release|Any CPU.Build.0 = Release|Any CPU
		{4F4CC46E-7556-46BC-95C1-BDF1B9977518}.Release|x64.ActiveCfg = Release|Any CPU
		{4F4CC46E-7556-46BC-95C1-BDF1B9977518}.Release|x64.Build.0 = Release|Any CPU
		{4F4CC46E-7556-46BC-95C1-BDF1B9977518}.Release|x86.ActiveCfg = Release|Any CPU
		{4F4CC46E-7556-46BC-95C1-BDF1B9977518}.Release|x86.Build.0 = Release|Any CPU
		{B012003B-6B9B-4A22-8BB5-5F9B05EE2B8C}.Debug|Any CPU.ActiveCfg = Debug|Any CPU
		{B012003B-6B9B-4A22-8BB5-5F9B05EE2B8C}.Debug|Any CPU.Build.0 = Debug|Any CPU
		{B012003B-6B9B-4A22-8BB5-5F9B05EE2B8C}.Debug|x64.ActiveCfg = Debug|Any CPU
		{B012003B-6B9B-4A22-8BB5-5F9B05EE2B8C}.Debug|x64.Build.0 = Debug|Any CPU
		{B012003B-6B9B-4A22-8BB5-5F9B05EE2B8C}.Debug|x86.ActiveCfg = Debug|Any CPU
		{B012003B-6B9B-4A22-8BB5-5F9B05EE2B8C}.Debug|x86.Build.0 = Debug|Any CPU
		{B012003B-6B9B-4A22-8BB5-5F9B05EE2B8C}.Release|Any CPU.ActiveCfg = Release|Any CPU
		{B012003B-6B9B-4A22-8BB5-5F9B05EE2B8C}.Release|Any CPU.Build.0 = Release|Any CPU
		{B012003B-6B9B-4A22-8BB5-5F9B05EE2B8C}.Release|x64.ActiveCfg = Release|Any CPU
		{B012003B-6B9B-4A22-8BB5-5F9B05EE2B8C}.Release|x64.Build.0 = Release|Any CPU
		{B012003B-6B9B-4A22-8BB5-5F9B05EE2B8C}.Release|x86.ActiveCfg = Release|Any CPU
		{B012003B-6B9B-4A22-8BB5-5F9B05EE2B8C}.Release|x86.Build.0 = Release|Any CPU
		{FA444EF2-D6BC-4EFE-B2B6-B673BBA9676F}.Debug|Any CPU.ActiveCfg = Debug|Any CPU
		{FA444EF2-D6BC-4EFE-B2B6-B673BBA9676F}.Debug|Any CPU.Build.0 = Debug|Any CPU
		{FA444EF2-D6BC-4EFE-B2B6-B673BBA9676F}.Debug|x64.ActiveCfg = Debug|Any CPU
		{FA444EF2-D6BC-4EFE-B2B6-B673BBA9676F}.Debug|x64.Build.0 = Debug|Any CPU
		{FA444EF2-D6BC-4EFE-B2B6-B673BBA9676F}.Debug|x86.ActiveCfg = Debug|Any CPU
		{FA444EF2-D6BC-4EFE-B2B6-B673BBA9676F}.Debug|x86.Build.0 = Debug|Any CPU
		{FA444EF2-D6BC-4EFE-B2B6-B673BBA9676F}.Release|Any CPU.ActiveCfg = Release|Any CPU
		{FA444EF2-D6BC-4EFE-B2B6-B673BBA9676F}.Release|Any CPU.Build.0 = Release|Any CPU
		{FA444EF2-D6BC-4EFE-B2B6-B673BBA9676F}.Release|x64.ActiveCfg = Release|Any CPU
		{FA444EF2-D6BC-4EFE-B2B6-B673BBA9676F}.Release|x64.Build.0 = Release|Any CPU
		{FA444EF2-D6BC-4EFE-B2B6-B673BBA9676F}.Release|x86.ActiveCfg = Release|Any CPU
		{FA444EF2-D6BC-4EFE-B2B6-B673BBA9676F}.Release|x86.Build.0 = Release|Any CPU
		{6CBE6919-EC27-45F9-8291-788553404D0E}.Debug|Any CPU.ActiveCfg = Debug|Any CPU
		{6CBE6919-EC27-45F9-8291-788553404D0E}.Debug|Any CPU.Build.0 = Debug|Any CPU
		{6CBE6919-EC27-45F9-8291-788553404D0E}.Debug|x64.ActiveCfg = Debug|Any CPU
		{6CBE6919-EC27-45F9-8291-788553404D0E}.Debug|x64.Build.0 = Debug|Any CPU
		{6CBE6919-EC27-45F9-8291-788553404D0E}.Debug|x86.ActiveCfg = Debug|Any CPU
		{6CBE6919-EC27-45F9-8291-788553404D0E}.Debug|x86.Build.0 = Debug|Any CPU
		{6CBE6919-EC27-45F9-8291-788553404D0E}.Release|Any CPU.ActiveCfg = Release|Any CPU
		{6CBE6919-EC27-45F9-8291-788553404D0E}.Release|Any CPU.Build.0 = Release|Any CPU
		{6CBE6919-EC27-45F9-8291-788553404D0E}.Release|x64.ActiveCfg = Release|Any CPU
		{6CBE6919-EC27-45F9-8291-788553404D0E}.Release|x64.Build.0 = Release|Any CPU
		{6CBE6919-EC27-45F9-8291-788553404D0E}.Release|x86.ActiveCfg = Release|Any CPU
		{6CBE6919-EC27-45F9-8291-788553404D0E}.Release|x86.Build.0 = Release|Any CPU
		{0515B616-3989-4CEC-A28B-0FB34ABCBC35}.Debug|Any CPU.ActiveCfg = Debug|Any CPU
		{0515B616-3989-4CEC-A28B-0FB34ABCBC35}.Debug|Any CPU.Build.0 = Debug|Any CPU
		{0515B616-3989-4CEC-A28B-0FB34ABCBC35}.Debug|x64.ActiveCfg = Debug|Any CPU
		{0515B616-3989-4CEC-A28B-0FB34ABCBC35}.Debug|x64.Build.0 = Debug|Any CPU
		{0515B616-3989-4CEC-A28B-0FB34ABCBC35}.Debug|x86.ActiveCfg = Debug|Any CPU
		{0515B616-3989-4CEC-A28B-0FB34ABCBC35}.Debug|x86.Build.0 = Debug|Any CPU
		{0515B616-3989-4CEC-A28B-0FB34ABCBC35}.Release|Any CPU.ActiveCfg = Release|Any CPU
		{0515B616-3989-4CEC-A28B-0FB34ABCBC35}.Release|Any CPU.Build.0 = Release|Any CPU
		{0515B616-3989-4CEC-A28B-0FB34ABCBC35}.Release|x64.ActiveCfg = Release|Any CPU
		{0515B616-3989-4CEC-A28B-0FB34ABCBC35}.Release|x64.Build.0 = Release|Any CPU
		{0515B616-3989-4CEC-A28B-0FB34ABCBC35}.Release|x86.ActiveCfg = Release|Any CPU
		{0515B616-3989-4CEC-A28B-0FB34ABCBC35}.Release|x86.Build.0 = Release|Any CPU
		{BE5D09C9-7295-45C2-A571-FB44ACB50738}.Debug|Any CPU.ActiveCfg = Debug|Any CPU
		{BE5D09C9-7295-45C2-A571-FB44ACB50738}.Debug|Any CPU.Build.0 = Debug|Any CPU
		{BE5D09C9-7295-45C2-A571-FB44ACB50738}.Debug|x64.ActiveCfg = Debug|Any CPU
		{BE5D09C9-7295-45C2-A571-FB44ACB50738}.Debug|x64.Build.0 = Debug|Any CPU
		{BE5D09C9-7295-45C2-A571-FB44ACB50738}.Debug|x86.ActiveCfg = Debug|Any CPU
		{BE5D09C9-7295-45C2-A571-FB44ACB50738}.Debug|x86.Build.0 = Debug|Any CPU
		{BE5D09C9-7295-45C2-A571-FB44ACB50738}.Release|Any CPU.ActiveCfg = Release|Any CPU
		{BE5D09C9-7295-45C2-A571-FB44ACB50738}.Release|Any CPU.Build.0 = Release|Any CPU
		{BE5D09C9-7295-45C2-A571-FB44ACB50738}.Release|x64.ActiveCfg = Release|Any CPU
		{BE5D09C9-7295-45C2-A571-FB44ACB50738}.Release|x64.Build.0 = Release|Any CPU
		{BE5D09C9-7295-45C2-A571-FB44ACB50738}.Release|x86.ActiveCfg = Release|Any CPU
		{BE5D09C9-7295-45C2-A571-FB44ACB50738}.Release|x86.Build.0 = Release|Any CPU
	EndGlobalSection
	GlobalSection(SolutionProperties) = preSolution
		HideSolutionNode = FALSE
	EndGlobalSection
	GlobalSection(NestedProjects) = preSolution
		{6E78C31B-1D65-4B6C-B3A3-97EF2776CA8E} = {7089FA86-6527-4DFA-8018-AFEF25D74A48}
		{6FED47F1-F7EF-42E8-9FF8-FC1439F04DF2} = {7089FA86-6527-4DFA-8018-AFEF25D74A48}
		{974D9FEE-BF6D-407F-95D4-6C131DB2F660} = {7089FA86-6527-4DFA-8018-AFEF25D74A48}
		{26A16F92-E601-48CE-A258-0D339F44DED8} = {7089FA86-6527-4DFA-8018-AFEF25D74A48}
		{4EEC12FB-B35C-411A-A95D-A51C566F8926} = {A813C366-39CF-4753-A6D5-A24FA97A467D}
		{4F4CC46E-7556-46BC-95C1-BDF1B9977518} = {A813C366-39CF-4753-A6D5-A24FA97A467D}
		{B012003B-6B9B-4A22-8BB5-5F9B05EE2B8C} = {A813C366-39CF-4753-A6D5-A24FA97A467D}
		{FA444EF2-D6BC-4EFE-B2B6-B673BBA9676F} = {A813C366-39CF-4753-A6D5-A24FA97A467D}
		{6CBE6919-EC27-45F9-8291-788553404D0E} = {A813C366-39CF-4753-A6D5-A24FA97A467D}
		{9B4EEDA5-22E3-469E-BE09-DED704D028CF} = {7089FA86-6527-4DFA-8018-AFEF25D74A48}
		{0515B616-3989-4CEC-A28B-0FB34ABCBC35} = {9B4EEDA5-22E3-469E-BE09-DED704D028CF}
		{BE5D09C9-7295-45C2-A571-FB44ACB50738} = {9B4EEDA5-22E3-469E-BE09-DED704D028CF}
	EndGlobalSection
	GlobalSection(ExtensibilityGlobals) = postSolution
		SolutionGuid = {DD5B5B64-FEB1-4E05-90A1-64F3A1A0EB75}
	EndGlobalSection
EndGlobal
