
Microsoft Visual Studio Solution File, Format Version 12.00
# Visual Studio 14
VisualStudioVersion = 14.0.25123.0
MinimumVisualStudioVersion = 10.0.40219.1
Project("{FAE04EC0-301F-11D3-BF4B-00C04F79EFBC}") = "Hl7.Fhir.Core.Net45", "Hl7.Fhir.Core\Hl7.Fhir.Core.Net45.csproj", "{92CC9186-0A21-4E06-B11F-907584FBFD81}"
EndProject
Project("{FAE04EC0-301F-11D3-BF4B-00C04F79EFBC}") = "Hl7.Fhir.Core.Portable45", "Hl7.Fhir.Core\Hl7.Fhir.Core.Portable45.csproj", "{1E26FE9D-EEF8-4C39-B54F-6CA12F7C7CA5}"
EndProject
Project("{FAE04EC0-301F-11D3-BF4B-00C04F79EFBC}") = "Hl7.Fhir.Core.Net45.Tests", "Hl7.Fhir.Core.Tests\Hl7.Fhir.Core.Net45.Tests.csproj", "{D6CE2817-0931-4D56-B989-AAC5319B78CE}"
EndProject
Project("{FAE04EC0-301F-11D3-BF4B-00C04F79EFBC}") = "Hl7.Fhir.Core.Portable45.Tests", "Hl7.Fhir.Core.Tests\Hl7.Fhir.Core.Portable45.Tests.csproj", "{6E78C31B-1D65-4B6C-B3A3-97EF2776CA8E}"
EndProject
Project("{FAE04EC0-301F-11D3-BF4B-00C04F79EFBC}") = "Hl7.Fhir.Specification.Net45", "Hl7.Fhir.Specification\Hl7.Fhir.Specification.Net45.csproj", "{34A3B072-5ABC-4F7C-B7E8-0AB67C58CC61}"
EndProject
Project("{FAE04EC0-301F-11D3-BF4B-00C04F79EFBC}") = "Hl7.Fhir.Core.Net40", "Hl7.Fhir.Core\Hl7.Fhir.Core.Net40.csproj", "{32353385-77A1-4972-AB0C-688DE8DB6E1B}"
EndProject
Project("{FAE04EC0-301F-11D3-BF4B-00C04F79EFBC}") = "Hl7.Fhir.Specification.Net40", "Hl7.Fhir.Specification\Hl7.Fhir.Specification.Net40.csproj", "{C19A8686-2DCA-4C00-A2E5-3CEC9D27EA8D}"
EndProject
Project("{FAE04EC0-301F-11D3-BF4B-00C04F79EFBC}") = "Hl7.Fhir.Specification.Net45.Tests", "Hl7.Fhir.Specification.Tests\Hl7.Fhir.Specification.Net45.Tests.csproj", "{6FED47F1-F7EF-42E8-9FF8-FC1439F04DF2}"
EndProject
Global
	GlobalSection(SolutionConfigurationPlatforms) = preSolution
		Debug|Any CPU = Debug|Any CPU
		DebugNet40|Any CPU = DebugNet40|Any CPU
		DebugNet45|Any CPU = DebugNet45|Any CPU
		DebugPCL45|Any CPU = DebugPCL45|Any CPU
		Release|Any CPU = Release|Any CPU
		ReleaseNet40|Any CPU = ReleaseNet40|Any CPU
		ReleaseNet45|Any CPU = ReleaseNet45|Any CPU
		ReleasePCL45|Any CPU = ReleasePCL45|Any CPU
	EndGlobalSection
	GlobalSection(ProjectConfigurationPlatforms) = postSolution
		{92CC9186-0A21-4E06-B11F-907584FBFD81}.Debug|Any CPU.ActiveCfg = Debug|Any CPU
		{92CC9186-0A21-4E06-B11F-907584FBFD81}.Debug|Any CPU.Build.0 = Debug|Any CPU
		{92CC9186-0A21-4E06-B11F-907584FBFD81}.DebugNet40|Any CPU.ActiveCfg = Debug|Any CPU
		{92CC9186-0A21-4E06-B11F-907584FBFD81}.DebugNet45|Any CPU.ActiveCfg = Debug|Any CPU
		{92CC9186-0A21-4E06-B11F-907584FBFD81}.DebugNet45|Any CPU.Build.0 = Debug|Any CPU
		{92CC9186-0A21-4E06-B11F-907584FBFD81}.DebugPCL45|Any CPU.ActiveCfg = Debug|Any CPU
		{92CC9186-0A21-4E06-B11F-907584FBFD81}.Release|Any CPU.ActiveCfg = Release|Any CPU
		{92CC9186-0A21-4E06-B11F-907584FBFD81}.Release|Any CPU.Build.0 = Release|Any CPU
		{92CC9186-0A21-4E06-B11F-907584FBFD81}.ReleaseNet40|Any CPU.ActiveCfg = Release|Any CPU
		{92CC9186-0A21-4E06-B11F-907584FBFD81}.ReleaseNet45|Any CPU.ActiveCfg = Release|Any CPU
		{92CC9186-0A21-4E06-B11F-907584FBFD81}.ReleaseNet45|Any CPU.Build.0 = Release|Any CPU
		{92CC9186-0A21-4E06-B11F-907584FBFD81}.ReleasePCL45|Any CPU.ActiveCfg = Release|Any CPU
		{1E26FE9D-EEF8-4C39-B54F-6CA12F7C7CA5}.Debug|Any CPU.ActiveCfg = Debug|Any CPU
		{1E26FE9D-EEF8-4C39-B54F-6CA12F7C7CA5}.Debug|Any CPU.Build.0 = Debug|Any CPU
		{1E26FE9D-EEF8-4C39-B54F-6CA12F7C7CA5}.DebugNet40|Any CPU.ActiveCfg = Debug|Any CPU
		{1E26FE9D-EEF8-4C39-B54F-6CA12F7C7CA5}.DebugNet45|Any CPU.ActiveCfg = Debug|Any CPU
		{1E26FE9D-EEF8-4C39-B54F-6CA12F7C7CA5}.DebugPCL45|Any CPU.ActiveCfg = Debug|Any CPU
		{1E26FE9D-EEF8-4C39-B54F-6CA12F7C7CA5}.DebugPCL45|Any CPU.Build.0 = Debug|Any CPU
		{1E26FE9D-EEF8-4C39-B54F-6CA12F7C7CA5}.Release|Any CPU.ActiveCfg = Release|Any CPU
		{1E26FE9D-EEF8-4C39-B54F-6CA12F7C7CA5}.Release|Any CPU.Build.0 = Release|Any CPU
		{1E26FE9D-EEF8-4C39-B54F-6CA12F7C7CA5}.ReleaseNet40|Any CPU.ActiveCfg = Release|Any CPU
		{1E26FE9D-EEF8-4C39-B54F-6CA12F7C7CA5}.ReleaseNet45|Any CPU.ActiveCfg = Release|Any CPU
		{1E26FE9D-EEF8-4C39-B54F-6CA12F7C7CA5}.ReleasePCL45|Any CPU.ActiveCfg = Release|Any CPU
		{1E26FE9D-EEF8-4C39-B54F-6CA12F7C7CA5}.ReleasePCL45|Any CPU.Build.0 = Release|Any CPU
		{D6CE2817-0931-4D56-B989-AAC5319B78CE}.Debug|Any CPU.ActiveCfg = Debug|Any CPU
		{D6CE2817-0931-4D56-B989-AAC5319B78CE}.Debug|Any CPU.Build.0 = Debug|Any CPU
		{D6CE2817-0931-4D56-B989-AAC5319B78CE}.DebugNet40|Any CPU.ActiveCfg = Debug|Any CPU
		{D6CE2817-0931-4D56-B989-AAC5319B78CE}.DebugNet45|Any CPU.ActiveCfg = Debug|Any CPU
		{D6CE2817-0931-4D56-B989-AAC5319B78CE}.DebugNet45|Any CPU.Build.0 = Debug|Any CPU
		{D6CE2817-0931-4D56-B989-AAC5319B78CE}.DebugPCL45|Any CPU.ActiveCfg = Debug|Any CPU
		{D6CE2817-0931-4D56-B989-AAC5319B78CE}.Release|Any CPU.ActiveCfg = Release|Any CPU
		{D6CE2817-0931-4D56-B989-AAC5319B78CE}.Release|Any CPU.Build.0 = Release|Any CPU
		{D6CE2817-0931-4D56-B989-AAC5319B78CE}.ReleaseNet40|Any CPU.ActiveCfg = Release|Any CPU
		{D6CE2817-0931-4D56-B989-AAC5319B78CE}.ReleaseNet45|Any CPU.ActiveCfg = Release|Any CPU
		{D6CE2817-0931-4D56-B989-AAC5319B78CE}.ReleaseNet45|Any CPU.Build.0 = Release|Any CPU
		{D6CE2817-0931-4D56-B989-AAC5319B78CE}.ReleasePCL45|Any CPU.ActiveCfg = Release|Any CPU
		{6E78C31B-1D65-4B6C-B3A3-97EF2776CA8E}.Debug|Any CPU.ActiveCfg = Debug|Any CPU
		{6E78C31B-1D65-4B6C-B3A3-97EF2776CA8E}.Debug|Any CPU.Build.0 = Debug|Any CPU
		{6E78C31B-1D65-4B6C-B3A3-97EF2776CA8E}.DebugNet40|Any CPU.ActiveCfg = Debug|Any CPU
		{6E78C31B-1D65-4B6C-B3A3-97EF2776CA8E}.DebugNet45|Any CPU.ActiveCfg = Debug|Any CPU
		{6E78C31B-1D65-4B6C-B3A3-97EF2776CA8E}.DebugPCL45|Any CPU.ActiveCfg = Debug|Any CPU
		{6E78C31B-1D65-4B6C-B3A3-97EF2776CA8E}.DebugPCL45|Any CPU.Build.0 = Debug|Any CPU
		{6E78C31B-1D65-4B6C-B3A3-97EF2776CA8E}.Release|Any CPU.ActiveCfg = Release|Any CPU
		{6E78C31B-1D65-4B6C-B3A3-97EF2776CA8E}.Release|Any CPU.Build.0 = Release|Any CPU
		{6E78C31B-1D65-4B6C-B3A3-97EF2776CA8E}.ReleaseNet40|Any CPU.ActiveCfg = Release|Any CPU
		{6E78C31B-1D65-4B6C-B3A3-97EF2776CA8E}.ReleaseNet45|Any CPU.ActiveCfg = Release|Any CPU
		{6E78C31B-1D65-4B6C-B3A3-97EF2776CA8E}.ReleasePCL45|Any CPU.ActiveCfg = Release|Any CPU
		{6E78C31B-1D65-4B6C-B3A3-97EF2776CA8E}.ReleasePCL45|Any CPU.Build.0 = Release|Any CPU
		{34A3B072-5ABC-4F7C-B7E8-0AB67C58CC61}.Debug|Any CPU.ActiveCfg = Debug|Any CPU
		{34A3B072-5ABC-4F7C-B7E8-0AB67C58CC61}.Debug|Any CPU.Build.0 = Debug|Any CPU
		{34A3B072-5ABC-4F7C-B7E8-0AB67C58CC61}.DebugNet40|Any CPU.ActiveCfg = Debug|Any CPU
		{34A3B072-5ABC-4F7C-B7E8-0AB67C58CC61}.DebugNet45|Any CPU.ActiveCfg = Debug|Any CPU
		{34A3B072-5ABC-4F7C-B7E8-0AB67C58CC61}.DebugNet45|Any CPU.Build.0 = Debug|Any CPU
		{34A3B072-5ABC-4F7C-B7E8-0AB67C58CC61}.DebugPCL45|Any CPU.ActiveCfg = Debug|Any CPU
		{34A3B072-5ABC-4F7C-B7E8-0AB67C58CC61}.Release|Any CPU.ActiveCfg = Release|Any CPU
		{34A3B072-5ABC-4F7C-B7E8-0AB67C58CC61}.Release|Any CPU.Build.0 = Release|Any CPU
		{34A3B072-5ABC-4F7C-B7E8-0AB67C58CC61}.ReleaseNet40|Any CPU.ActiveCfg = Release|Any CPU
		{34A3B072-5ABC-4F7C-B7E8-0AB67C58CC61}.ReleaseNet45|Any CPU.ActiveCfg = Release|Any CPU
		{34A3B072-5ABC-4F7C-B7E8-0AB67C58CC61}.ReleaseNet45|Any CPU.Build.0 = Release|Any CPU
		{34A3B072-5ABC-4F7C-B7E8-0AB67C58CC61}.ReleasePCL45|Any CPU.ActiveCfg = Release|Any CPU
		{32353385-77A1-4972-AB0C-688DE8DB6E1B}.Debug|Any CPU.ActiveCfg = Debug|Any CPU
		{32353385-77A1-4972-AB0C-688DE8DB6E1B}.Debug|Any CPU.Build.0 = Debug|Any CPU
		{32353385-77A1-4972-AB0C-688DE8DB6E1B}.DebugNet40|Any CPU.ActiveCfg = Debug|Any CPU
		{32353385-77A1-4972-AB0C-688DE8DB6E1B}.DebugNet40|Any CPU.Build.0 = Debug|Any CPU
		{32353385-77A1-4972-AB0C-688DE8DB6E1B}.DebugNet45|Any CPU.ActiveCfg = Debug|Any CPU
		{32353385-77A1-4972-AB0C-688DE8DB6E1B}.DebugPCL45|Any CPU.ActiveCfg = Debug|Any CPU
		{32353385-77A1-4972-AB0C-688DE8DB6E1B}.Release|Any CPU.ActiveCfg = Release|Any CPU
		{32353385-77A1-4972-AB0C-688DE8DB6E1B}.Release|Any CPU.Build.0 = Release|Any CPU
		{32353385-77A1-4972-AB0C-688DE8DB6E1B}.ReleaseNet40|Any CPU.ActiveCfg = Release|Any CPU
		{32353385-77A1-4972-AB0C-688DE8DB6E1B}.ReleaseNet40|Any CPU.Build.0 = Release|Any CPU
		{32353385-77A1-4972-AB0C-688DE8DB6E1B}.ReleaseNet45|Any CPU.ActiveCfg = Release|Any CPU
		{32353385-77A1-4972-AB0C-688DE8DB6E1B}.ReleasePCL45|Any CPU.ActiveCfg = Release|Any CPU
		{C19A8686-2DCA-4C00-A2E5-3CEC9D27EA8D}.Debug|Any CPU.ActiveCfg = Debug|Any CPU
		{C19A8686-2DCA-4C00-A2E5-3CEC9D27EA8D}.Debug|Any CPU.Build.0 = Debug|Any CPU
		{C19A8686-2DCA-4C00-A2E5-3CEC9D27EA8D}.DebugNet40|Any CPU.ActiveCfg = Debug|Any CPU
		{C19A8686-2DCA-4C00-A2E5-3CEC9D27EA8D}.DebugNet40|Any CPU.Build.0 = Debug|Any CPU
		{C19A8686-2DCA-4C00-A2E5-3CEC9D27EA8D}.DebugNet45|Any CPU.ActiveCfg = Debug|Any CPU
		{C19A8686-2DCA-4C00-A2E5-3CEC9D27EA8D}.DebugPCL45|Any CPU.ActiveCfg = Debug|Any CPU
		{C19A8686-2DCA-4C00-A2E5-3CEC9D27EA8D}.Release|Any CPU.ActiveCfg = Release|Any CPU
		{C19A8686-2DCA-4C00-A2E5-3CEC9D27EA8D}.Release|Any CPU.Build.0 = Release|Any CPU
		{C19A8686-2DCA-4C00-A2E5-3CEC9D27EA8D}.ReleaseNet40|Any CPU.ActiveCfg = Release|Any CPU
		{C19A8686-2DCA-4C00-A2E5-3CEC9D27EA8D}.ReleaseNet40|Any CPU.Build.0 = Release|Any CPU
		{C19A8686-2DCA-4C00-A2E5-3CEC9D27EA8D}.ReleaseNet45|Any CPU.ActiveCfg = Release|Any CPU
		{C19A8686-2DCA-4C00-A2E5-3CEC9D27EA8D}.ReleasePCL45|Any CPU.ActiveCfg = Release|Any CPU
		{6FED47F1-F7EF-42E8-9FF8-FC1439F04DF2}.Debug|Any CPU.ActiveCfg = Debug|Any CPU
		{6FED47F1-F7EF-42E8-9FF8-FC1439F04DF2}.Debug|Any CPU.Build.0 = Debug|Any CPU
		{6FED47F1-F7EF-42E8-9FF8-FC1439F04DF2}.DebugNet40|Any CPU.ActiveCfg = Debug|Any CPU
		{6FED47F1-F7EF-42E8-9FF8-FC1439F04DF2}.DebugNet45|Any CPU.ActiveCfg = Debug|Any CPU
		{6FED47F1-F7EF-42E8-9FF8-FC1439F04DF2}.DebugNet45|Any CPU.Build.0 = Debug|Any CPU
		{6FED47F1-F7EF-42E8-9FF8-FC1439F04DF2}.DebugPCL45|Any CPU.ActiveCfg = Debug|Any CPU
		{6FED47F1-F7EF-42E8-9FF8-FC1439F04DF2}.Release|Any CPU.ActiveCfg = Release|Any CPU
		{6FED47F1-F7EF-42E8-9FF8-FC1439F04DF2}.Release|Any CPU.Build.0 = Release|Any CPU
		{6FED47F1-F7EF-42E8-9FF8-FC1439F04DF2}.ReleaseNet40|Any CPU.ActiveCfg = Release|Any CPU
		{6FED47F1-F7EF-42E8-9FF8-FC1439F04DF2}.ReleaseNet45|Any CPU.ActiveCfg = Release|Any CPU
		{6FED47F1-F7EF-42E8-9FF8-FC1439F04DF2}.ReleaseNet45|Any CPU.Build.0 = Release|Any CPU
		{6FED47F1-F7EF-42E8-9FF8-FC1439F04DF2}.ReleasePCL45|Any CPU.ActiveCfg = Release|Any CPU
	EndGlobalSection
	GlobalSection(SolutionProperties) = preSolution
		HideSolutionNode = FALSE
	EndGlobalSection
EndGlobal
