
Microsoft Visual Studio Solution File, Format Version 12.00
# Visual Studio 2013
VisualStudioVersion = 12.0.30324.0
MinimumVisualStudioVersion = 10.0.40219.1
Project("{2150E333-8FDC-42A3-9474-1A3956D46DE8}") = "Solution Items", "Solution Items", "{11899A8A-5232-4F5D-97C7-135467A73FC9}"
EndProject
Project("{FAE04EC0-301F-11D3-BF4B-00C04F79EFBC}") = "Hl7.Fhir.Model", "Hl7.Fhir.Model\Hl7.Fhir.Model.csproj", "{3CA811D7-19A7-43AC-A403-1F35E4EC2BFC}"
EndProject
Project("{FAE04EC0-301F-11D3-BF4B-00C04F79EFBC}") = "Hl7.Fhir.Model.Net45", "Hl7.Fhir.Model\Hl7.Fhir.Model.Net45.csproj", "{2F8A060A-B12E-4AE7-AA15-5148B2711557}"
EndProject
Project("{FAE04EC0-301F-11D3-BF4B-00C04F79EFBC}") = "Hl7.Fhir.Model.Portable45", "Hl7.Fhir.Model\Hl7.Fhir.Model.Portable45.csproj", "{969D32BD-81A4-4514-9806-1671989977FB}"
EndProject
Project("{FAE04EC0-301F-11D3-BF4B-00C04F79EFBC}") = "Hl7.Fhir.Api", "Hl7.Fhir.Api\Hl7.Fhir.Api.csproj", "{92CC9186-0A21-4E06-B11F-907584FBFD81}"
EndProject
Project("{FAE04EC0-301F-11D3-BF4B-00C04F79EFBC}") = "Hl7.Fhir.Api.Net45", "Hl7.Fhir.Api\Hl7.Fhir.Api.Net45.csproj", "{F3673A58-FA89-45C3-9341-79319C59B686}"
EndProject
Project("{FAE04EC0-301F-11D3-BF4B-00C04F79EFBC}") = "Hl7.Fhir.Api.Portable45", "Hl7.Fhir.Api\Hl7.Fhir.Api.Portable45.csproj", "{1E26FE9D-EEF8-4C39-B54F-6CA12F7C7CA5}"
EndProject
Project("{FAE04EC0-301F-11D3-BF4B-00C04F79EFBC}") = "Hl7.Fhir.Model.Tests", "Hl7.Fhir.Model.Tests\Hl7.Fhir.Model.Tests.csproj", "{6739C236-29D9-4B70-BB70-B96794FCAB34}"
EndProject
Project("{FAE04EC0-301F-11D3-BF4B-00C04F79EFBC}") = "Hl7.Fhir.Model.Portable45.Tests", "Hl7.Fhir.Model.Tests\Hl7.Fhir.Model.Portable45.Tests.csproj", "{32318CBB-8CCA-4D2B-8318-2116BC5E452F}"
EndProject
Project("{FAE04EC0-301F-11D3-BF4B-00C04F79EFBC}") = "Hl7.Fhir.Api.Tests", "Hl7.Fhir.Api.Tests\Hl7.Fhir.Api.Tests.csproj", "{D6CE2817-0931-4D56-B989-AAC5319B78CE}"
EndProject
Project("{FAE04EC0-301F-11D3-BF4B-00C04F79EFBC}") = "Hl7.Fhir.Api.Portable45.Tests", "Hl7.Fhir.Api.Tests\Hl7.Fhir.Api.Portable45.Tests.csproj", "{6E78C31B-1D65-4B6C-B3A3-97EF2776CA8E}"
EndProject
Global
	GlobalSection(SolutionConfigurationPlatforms) = preSolution
		Debug|Any CPU = Debug|Any CPU
		Release|Any CPU = Release|Any CPU
	EndGlobalSection
	GlobalSection(ProjectConfigurationPlatforms) = postSolution
		{969D32BD-81A4-4514-9806-1671989977FB}.Debug|Any CPU.ActiveCfg = DebugPCL45|Any CPU
		{969D32BD-81A4-4514-9806-1671989977FB}.Debug|Any CPU.Build.0 = DebugPCL45|Any CPU
		{969D32BD-81A4-4514-9806-1671989977FB}.Release|Any CPU.ActiveCfg = ReleasePCL45|Any CPU
		{969D32BD-81A4-4514-9806-1671989977FB}.Release|Any CPU.Build.0 = ReleasePCL45|Any CPU
		{1E26FE9D-EEF8-4C39-B54F-6CA12F7C7CA5}.Debug|Any CPU.ActiveCfg = DebugPCL45|Any CPU
		{1E26FE9D-EEF8-4C39-B54F-6CA12F7C7CA5}.Debug|Any CPU.Build.0 = DebugPCL45|Any CPU
		{1E26FE9D-EEF8-4C39-B54F-6CA12F7C7CA5}.Release|Any CPU.ActiveCfg = ReleasePCL45|Any CPU
		{1E26FE9D-EEF8-4C39-B54F-6CA12F7C7CA5}.Release|Any CPU.Build.0 = ReleasePCL45|Any CPU
		{92CC9186-0A21-4E06-B11F-907584FBFD81}.Debug|Any CPU.ActiveCfg = DebugNet40|Any CPU
		{92CC9186-0A21-4E06-B11F-907584FBFD81}.Debug|Any CPU.Build.0 = DebugNet40|Any CPU
		{92CC9186-0A21-4E06-B11F-907584FBFD81}.Release|Any CPU.ActiveCfg = ReleaseNet40|Any CPU
		{92CC9186-0A21-4E06-B11F-907584FBFD81}.Release|Any CPU.Build.0 = ReleaseNet40|Any CPU
		{D6CE2817-0931-4D56-B989-AAC5319B78CE}.Debug|Any CPU.ActiveCfg = DebugNet40|Any CPU
		{D6CE2817-0931-4D56-B989-AAC5319B78CE}.Debug|Any CPU.Build.0 = DebugNet40|Any CPU
		{D6CE2817-0931-4D56-B989-AAC5319B78CE}.Release|Any CPU.ActiveCfg = ReleaseNet40|Any CPU
		{3CA811D7-19A7-43AC-A403-1F35E4EC2BFC}.Debug|Any CPU.ActiveCfg = DebugNet40|Any CPU
		{3CA811D7-19A7-43AC-A403-1F35E4EC2BFC}.Debug|Any CPU.Build.0 = DebugNet40|Any CPU
		{3CA811D7-19A7-43AC-A403-1F35E4EC2BFC}.Release|Any CPU.ActiveCfg = ReleaseNet40|Any CPU
		{3CA811D7-19A7-43AC-A403-1F35E4EC2BFC}.Release|Any CPU.Build.0 = ReleaseNet40|Any CPU
		{6739C236-29D9-4B70-BB70-B96794FCAB34}.Debug|Any CPU.ActiveCfg = DebugNet40|Any CPU
		{6739C236-29D9-4B70-BB70-B96794FCAB34}.Debug|Any CPU.Build.0 = DebugNet40|Any CPU
		{6739C236-29D9-4B70-BB70-B96794FCAB34}.Release|Any CPU.ActiveCfg = ReleaseNet40|Any CPU
		{6739C236-29D9-4B70-BB70-B96794FCAB34}.Release|Any CPU.Build.0 = ReleaseNet40|Any CPU
		{32318CBB-8CCA-4D2B-8318-2116BC5E452F}.Debug|Any CPU.ActiveCfg = DebugPCL45|Any CPU
		{32318CBB-8CCA-4D2B-8318-2116BC5E452F}.Debug|Any CPU.Build.0 = DebugPCL45|Any CPU
		{32318CBB-8CCA-4D2B-8318-2116BC5E452F}.Release|Any CPU.ActiveCfg = ReleasePCL45|Any CPU
		{6E78C31B-1D65-4B6C-B3A3-97EF2776CA8E}.Debug|Any CPU.ActiveCfg = DebugPCL45|Any CPU
		{6E78C31B-1D65-4B6C-B3A3-97EF2776CA8E}.Debug|Any CPU.Build.0 = DebugPCL45|Any CPU
		{6E78C31B-1D65-4B6C-B3A3-97EF2776CA8E}.Release|Any CPU.ActiveCfg = ReleasePCL45|Any CPU
		{2F8A060A-B12E-4AE7-AA15-5148B2711557}.Debug|Any CPU.ActiveCfg = DebugNet45|Any CPU
		{2F8A060A-B12E-4AE7-AA15-5148B2711557}.Debug|Any CPU.Build.0 = DebugNet45|Any CPU
		{2F8A060A-B12E-4AE7-AA15-5148B2711557}.Release|Any CPU.ActiveCfg = ReleaseNet45|Any CPU
		{2F8A060A-B12E-4AE7-AA15-5148B2711557}.Release|Any CPU.Build.0 = ReleaseNet45|Any CPU
		{F3673A58-FA89-45C3-9341-79319C59B686}.Debug|Any CPU.ActiveCfg = DebugNet45|Any CPU
		{F3673A58-FA89-45C3-9341-79319C59B686}.Debug|Any CPU.Build.0 = DebugNet45|Any CPU
		{F3673A58-FA89-45C3-9341-79319C59B686}.Release|Any CPU.ActiveCfg = ReleaseNet45|Any CPU
		{F3673A58-FA89-45C3-9341-79319C59B686}.Release|Any CPU.Build.0 = ReleaseNet45|Any CPU
	EndGlobalSection
	GlobalSection(SolutionProperties) = preSolution
		HideSolutionNode = FALSE
	EndGlobalSection
	GlobalSection(MonoDevelopProperties) = preSolution
		StartupItem = src\Hl7.Fhir.Api.csproj
	EndGlobalSection
EndGlobal
