
Microsoft Visual Studio Solution File, Format Version 12.00
# Visual Studio 2013
VisualStudioVersion = 12.0.30723.0
MinimumVisualStudioVersion = 10.0.40219.1
Project("{FAE04EC0-301F-11D3-BF4B-00C04F79EFBC}") = "Hl7.Fhir.Core", "Hl7.Fhir.Core\Hl7.Fhir.Core.csproj", "{92CC9186-0A21-4E06-B11F-907584FBFD81}"
EndProject
Project("{FAE04EC0-301F-11D3-BF4B-00C04F79EFBC}") = "Hl7.Fhir.Core.Tests", "Hl7.Fhir.Core.Tests\Hl7.Fhir.Core.Tests.csproj", "{D6CE2817-0931-4D56-B989-AAC5319B78CE}"
EndProject
Project("{FAE04EC0-301F-11D3-BF4B-00C04F79EFBC}") = "Hl7.Fhir.Specification", "Hl7.Fhir.Specification\Hl7.Fhir.Specification.csproj", "{34A3B072-5ABC-4F7C-B7E8-0AB67C58CC61}"
EndProject
Project("{FAE04EC0-301F-11D3-BF4B-00C04F79EFBC}") = "Hl7.Fhir.Specification.Tests", "Hl7.Fhir.Specification.Tests\Hl7.Fhir.Specification.Tests.csproj", "{6FED47F1-F7EF-42E8-9FF8-FC1439F04DF2}"
EndProject
Global
	GlobalSection(SolutionConfigurationPlatforms) = preSolution
		Debug|Any CPU = Debug|Any CPU
		DebugNet40|Any CPU = DebugNet40|Any CPU
		DebugNet45|Any CPU = DebugNet45|Any CPU
		Release|Any CPU = Release|Any CPU
		ReleaseNet40|Any CPU = ReleaseNet40|Any CPU
		ReleaseNet45|Any CPU = ReleaseNet45|Any CPU
	EndGlobalSection
	GlobalSection(ProjectConfigurationPlatforms) = postSolution
		{92CC9186-0A21-4E06-B11F-907584FBFD81}.Debug|Any CPU.ActiveCfg = DebugNet40|Any CPU
		{92CC9186-0A21-4E06-B11F-907584FBFD81}.Debug|Any CPU.Build.0 = DebugNet40|Any CPU
		{92CC9186-0A21-4E06-B11F-907584FBFD81}.DebugNet40|Any CPU.ActiveCfg = DebugNet40|Any CPU
		{92CC9186-0A21-4E06-B11F-907584FBFD81}.DebugNet40|Any CPU.Build.0 = DebugNet40|Any CPU
		{92CC9186-0A21-4E06-B11F-907584FBFD81}.DebugNet45|Any CPU.ActiveCfg = DebugNet40|Any CPU
		{92CC9186-0A21-4E06-B11F-907584FBFD81}.DebugNet45|Any CPU.Build.0 = DebugNet40|Any CPU
		{92CC9186-0A21-4E06-B11F-907584FBFD81}.Release|Any CPU.ActiveCfg = ReleaseNet40|Any CPU
		{92CC9186-0A21-4E06-B11F-907584FBFD81}.Release|Any CPU.Build.0 = ReleaseNet40|Any CPU
		{92CC9186-0A21-4E06-B11F-907584FBFD81}.ReleaseNet40|Any CPU.ActiveCfg = ReleaseNet40|Any CPU
		{92CC9186-0A21-4E06-B11F-907584FBFD81}.ReleaseNet40|Any CPU.Build.0 = ReleaseNet40|Any CPU
		{92CC9186-0A21-4E06-B11F-907584FBFD81}.ReleaseNet45|Any CPU.ActiveCfg = ReleaseNet40|Any CPU
		{92CC9186-0A21-4E06-B11F-907584FBFD81}.ReleaseNet45|Any CPU.Build.0 = ReleaseNet40|Any CPU
		{D6CE2817-0931-4D56-B989-AAC5319B78CE}.Debug|Any CPU.ActiveCfg = DebugNet40|Any CPU
		{D6CE2817-0931-4D56-B989-AAC5319B78CE}.Debug|Any CPU.Build.0 = DebugNet40|Any CPU
		{D6CE2817-0931-4D56-B989-AAC5319B78CE}.DebugNet40|Any CPU.ActiveCfg = DebugNet40|Any CPU
		{D6CE2817-0931-4D56-B989-AAC5319B78CE}.DebugNet40|Any CPU.Build.0 = DebugNet40|Any CPU
		{D6CE2817-0931-4D56-B989-AAC5319B78CE}.DebugNet45|Any CPU.ActiveCfg = DebugNet40|Any CPU
		{D6CE2817-0931-4D56-B989-AAC5319B78CE}.DebugNet45|Any CPU.Build.0 = DebugNet40|Any CPU
		{D6CE2817-0931-4D56-B989-AAC5319B78CE}.Release|Any CPU.ActiveCfg = ReleaseNet40|Any CPU
		{D6CE2817-0931-4D56-B989-AAC5319B78CE}.ReleaseNet40|Any CPU.ActiveCfg = ReleaseNet40|Any CPU
		{D6CE2817-0931-4D56-B989-AAC5319B78CE}.ReleaseNet40|Any CPU.Build.0 = ReleaseNet40|Any CPU
		{D6CE2817-0931-4D56-B989-AAC5319B78CE}.ReleaseNet45|Any CPU.ActiveCfg = ReleaseNet40|Any CPU
		{D6CE2817-0931-4D56-B989-AAC5319B78CE}.ReleaseNet45|Any CPU.Build.0 = ReleaseNet40|Any CPU
		{34A3B072-5ABC-4F7C-B7E8-0AB67C58CC61}.Debug|Any CPU.ActiveCfg = DebugNet40|Any CPU
		{34A3B072-5ABC-4F7C-B7E8-0AB67C58CC61}.Debug|Any CPU.Build.0 = DebugNet40|Any CPU
		{34A3B072-5ABC-4F7C-B7E8-0AB67C58CC61}.DebugNet40|Any CPU.ActiveCfg = DebugNet40|Any CPU
		{34A3B072-5ABC-4F7C-B7E8-0AB67C58CC61}.DebugNet40|Any CPU.Build.0 = DebugNet40|Any CPU
		{34A3B072-5ABC-4F7C-B7E8-0AB67C58CC61}.DebugNet45|Any CPU.ActiveCfg = DebugNet40|Any CPU
		{34A3B072-5ABC-4F7C-B7E8-0AB67C58CC61}.DebugNet45|Any CPU.Build.0 = DebugNet40|Any CPU
		{34A3B072-5ABC-4F7C-B7E8-0AB67C58CC61}.Release|Any CPU.ActiveCfg = ReleaseNet40|Any CPU
		{34A3B072-5ABC-4F7C-B7E8-0AB67C58CC61}.Release|Any CPU.Build.0 = ReleaseNet40|Any CPU
		{34A3B072-5ABC-4F7C-B7E8-0AB67C58CC61}.ReleaseNet40|Any CPU.ActiveCfg = ReleaseNet40|Any CPU
		{34A3B072-5ABC-4F7C-B7E8-0AB67C58CC61}.ReleaseNet40|Any CPU.Build.0 = ReleaseNet40|Any CPU
		{34A3B072-5ABC-4F7C-B7E8-0AB67C58CC61}.ReleaseNet45|Any CPU.ActiveCfg = ReleaseNet40|Any CPU
		{34A3B072-5ABC-4F7C-B7E8-0AB67C58CC61}.ReleaseNet45|Any CPU.Build.0 = ReleaseNet40|Any CPU
		{6FED47F1-F7EF-42E8-9FF8-FC1439F04DF2}.Debug|Any CPU.ActiveCfg = DebugNet40|Any CPU
		{6FED47F1-F7EF-42E8-9FF8-FC1439F04DF2}.Debug|Any CPU.Build.0 = DebugNet40|Any CPU
		{6FED47F1-F7EF-42E8-9FF8-FC1439F04DF2}.DebugNet40|Any CPU.ActiveCfg = DebugNet40|Any CPU
		{6FED47F1-F7EF-42E8-9FF8-FC1439F04DF2}.DebugNet40|Any CPU.Build.0 = DebugNet40|Any CPU
		{6FED47F1-F7EF-42E8-9FF8-FC1439F04DF2}.DebugNet45|Any CPU.ActiveCfg = DebugNet40|Any CPU
		{6FED47F1-F7EF-42E8-9FF8-FC1439F04DF2}.DebugNet45|Any CPU.Build.0 = DebugNet40|Any CPU
		{6FED47F1-F7EF-42E8-9FF8-FC1439F04DF2}.Release|Any CPU.ActiveCfg = ReleaseNet40|Any CPU
		{6FED47F1-F7EF-42E8-9FF8-FC1439F04DF2}.ReleaseNet40|Any CPU.ActiveCfg = ReleaseNet40|Any CPU
		{6FED47F1-F7EF-42E8-9FF8-FC1439F04DF2}.ReleaseNet40|Any CPU.Build.0 = ReleaseNet40|Any CPU
		{6FED47F1-F7EF-42E8-9FF8-FC1439F04DF2}.ReleaseNet45|Any CPU.ActiveCfg = ReleaseNet40|Any CPU
		{6FED47F1-F7EF-42E8-9FF8-FC1439F04DF2}.ReleaseNet45|Any CPU.Build.0 = ReleaseNet40|Any CPU
	EndGlobalSection
	GlobalSection(SolutionProperties) = preSolution
		HideSolutionNode = FALSE
	EndGlobalSection
	GlobalSection(MonoDevelopProperties) = preSolution
		StartupItem = src\Hl7.Fhir.Api.csproj
	EndGlobalSection
EndGlobal
