
Microsoft Visual Studio Solution File, Format Version 12.00
# Visual Studio 15
VisualStudioVersion = 15.0.26403.7
MinimumVisualStudioVersion = 10.0.40219.1
Project("{FAE04EC0-301F-11D3-BF4B-00C04F79EFBC}") = "Hl7.Fhir.WebApi.STU3", "Hl7.Fhir.WebApi\Hl7.Fhir.WebApi.STU3.csproj", "{F219EEF4-570C-4DFE-9EE4-D11D5D093D5B}"
EndProject
Project("{FAE04EC0-301F-11D3-BF4B-00C04F79EFBC}") = "Hl7.DemoFileSystemFhirServer", "Hl7.DemoFileSystemFhirServer\Hl7.DemoFileSystemFhirServer.csproj", "{79E3D0DC-BFDF-451E-89DE-52AF77F2F416}"
EndProject
Project("{FAE04EC0-301F-11D3-BF4B-00C04F79EFBC}") = "UnitTestWebApi", "UnitTestWebApi\UnitTestWebApi.csproj", "{1125F427-BD84-451E-AF1D-C853835052CB}"
EndProject
Global
	GlobalSection(SolutionConfigurationPlatforms) = preSolution
		Debug|Any CPU = Debug|Any CPU
		Release|Any CPU = Release|Any CPU
	EndGlobalSection
	GlobalSection(ProjectConfigurationPlatforms) = postSolution
		{F219EEF4-570C-4DFE-9EE4-D11D5D093D5B}.Debug|Any CPU.ActiveCfg = Debug|Any CPU
		{F219EEF4-570C-4DFE-9EE4-D11D5D093D5B}.Debug|Any CPU.Build.0 = Debug|Any CPU
		{F219EEF4-570C-4DFE-9EE4-D11D5D093D5B}.Release|Any CPU.ActiveCfg = Release|Any CPU
		{F219EEF4-570C-4DFE-9EE4-D11D5D093D5B}.Release|Any CPU.Build.0 = Release|Any CPU
		{79E3D0DC-BFDF-451E-89DE-52AF77F2F416}.Debug|Any CPU.ActiveCfg = Debug|Any CPU
		{79E3D0DC-BFDF-451E-89DE-52AF77F2F416}.Debug|Any CPU.Build.0 = Debug|Any CPU
		{79E3D0DC-BFDF-451E-89DE-52AF77F2F416}.Release|Any CPU.ActiveCfg = Release|Any CPU
		{79E3D0DC-BFDF-451E-89DE-52AF77F2F416}.Release|Any CPU.Build.0 = Release|Any CPU
		{1125F427-BD84-451E-AF1D-C853835052CB}.Debug|Any CPU.ActiveCfg = Debug|Any CPU
		{1125F427-BD84-451E-AF1D-C853835052CB}.Debug|Any CPU.Build.0 = Debug|Any CPU
		{1125F427-BD84-451E-AF1D-C853835052CB}.Release|Any CPU.ActiveCfg = Release|Any CPU
		{1125F427-BD84-451E-AF1D-C853835052CB}.Release|Any CPU.Build.0 = Release|Any CPU
	EndGlobalSection
	GlobalSection(SolutionProperties) = preSolution
		HideSolutionNode = FALSE
	EndGlobalSection
EndGlobal
