
Microsoft Visual Studio Solution File, Format Version 12.00
# Visual Studio Version 16
VisualStudioVersion = 16.0.28803.352
MinimumVisualStudioVersion = 10.0.40219.1
Project("{9A19103F-16F7-4668-BE54-9A1E7A4F7556}") = "Hl7.Fhir.Core", "Hl7.Fhir.Core\Hl7.Fhir.Core.csproj", "{1E26FE9D-EEF8-4C39-B54F-6CA12F7C7CA5}"
EndProject
Project("{9A19103F-16F7-4668-BE54-9A1E7A4F7556}") = "Hl7.Fhir.Core.Tests", "Hl7.Fhir.Core.Tests\Hl7.Fhir.Core.Tests.csproj", "{6E78C31B-1D65-4B6C-B3A3-97EF2776CA8E}"
EndProject
Project("{9A19103F-16F7-4668-BE54-9A1E7A4F7556}") = "Hl7.Fhir.Specification", "Hl7.Fhir.Specification\Hl7.Fhir.Specification.csproj", "{34A3B072-5ABC-4F7C-B7E8-0AB67C58CC61}"
EndProject
Project("{9A19103F-16F7-4668-BE54-9A1E7A4F7556}") = "Hl7.Fhir.Specification.Tests", "Hl7.Fhir.Specification.Tests\Hl7.Fhir.Specification.Tests.csproj", "{6FED47F1-F7EF-42E8-9FF8-FC1439F04DF2}"
EndProject
Project("{2150E333-8FDC-42A3-9474-1A3956D46DE8}") = "Solution Items", "Solution Items", "{4D651AFD-CDC8-4836-8EDE-B30B51EB6FC2}"
	ProjectSection(SolutionItems) = preProject
		fhir-net-api.props = fhir-net-api.props
		fhir-net-api.targets = fhir-net-api.targets
	EndProjectSection
EndProject
Project("{9A19103F-16F7-4668-BE54-9A1E7A4F7556}") = "Hl7.Fhir.Support", "Hl7.Fhir.Support\Hl7.Fhir.Support.csproj", "{018BCCC9-52FF-4A05-88FF-787A53BA8A31}"
EndProject
Project("{9A19103F-16F7-4668-BE54-9A1E7A4F7556}") = "Hl7.FhirPath", "Hl7.FhirPath\Hl7.FhirPath.csproj", "{EC00C3F3-81A6-4EA8-A602-AE03D9BA7258}"
EndProject
Project("{9A19103F-16F7-4668-BE54-9A1E7A4F7556}") = "HL7.FhirPath.Tests", "Hl7.FhirPath.Tests\HL7.FhirPath.Tests.csproj", "{7105CDA6-4678-45E2-80DD-A6BB89705540}"
EndProject
Project("{9A19103F-16F7-4668-BE54-9A1E7A4F7556}") = "Hl7.Fhir.Support.Tests", "Hl7.Fhir.Support.Tests\Hl7.Fhir.Support.Tests.csproj", "{F9B72DBD-0121-4470-809C-5672F9AC7F2D}"
EndProject
Project("{9A19103F-16F7-4668-BE54-9A1E7A4F7556}") = "Hl7.Fhir.Serialization", "Hl7.Fhir.Serialization\Hl7.Fhir.Serialization.csproj", "{3F59D8BC-BDB8-4958-BB18-F53CB6FC23CA}"
	ProjectSection(ProjectDependencies) = postProject
		{3DFF25B4-2D04-4A38-AA43-FE222828A86C} = {3DFF25B4-2D04-4A38-AA43-FE222828A86C}
	EndProjectSection
EndProject
Project("{9A19103F-16F7-4668-BE54-9A1E7A4F7556}") = "Hl7.Fhir.Serialization.Tests", "Hl7.Fhir.Serialization.Tests\Hl7.Fhir.Serialization.Tests.csproj", "{974D9FEE-BF6D-407F-95D4-6C131DB2F660}"
EndProject
Project("{9A19103F-16F7-4668-BE54-9A1E7A4F7556}") = "Hl7.Fhir.ElementModel", "Hl7.Fhir.ElementModel\Hl7.Fhir.ElementModel.csproj", "{3DFF25B4-2D04-4A38-AA43-FE222828A86C}"
EndProject
Project("{9A19103F-16F7-4668-BE54-9A1E7A4F7556}") = "Hl7.Fhir.ElementModel.Tests", "Hl7.Fhir.ElementModel.Tests\Hl7.Fhir.ElementModel.Tests.csproj", "{26A16F92-E601-48CE-A258-0D339F44DED8}"
EndProject
Project("{2150E333-8FDC-42A3-9474-1A3956D46DE8}") = "Tests", "Tests", "{7089FA86-6527-4DFA-8018-AFEF25D74A48}"
EndProject
Global
	GlobalSection(SolutionConfigurationPlatforms) = preSolution
		Debug|Any CPU = Debug|Any CPU
		Debug|x64 = Debug|x64
		Debug|x86 = Debug|x86
		Release|Any CPU = Release|Any CPU
		Release|x64 = Release|x64
		Release|x86 = Release|x86
	EndGlobalSection
	GlobalSection(ProjectConfigurationPlatforms) = postSolution
		{1E26FE9D-EEF8-4C39-B54F-6CA12F7C7CA5}.Debug|Any CPU.ActiveCfg = Debug|Any CPU
		{1E26FE9D-EEF8-4C39-B54F-6CA12F7C7CA5}.Debug|Any CPU.Build.0 = Debug|Any CPU
		{1E26FE9D-EEF8-4C39-B54F-6CA12F7C7CA5}.Debug|x64.ActiveCfg = Debug|Any CPU
		{1E26FE9D-EEF8-4C39-B54F-6CA12F7C7CA5}.Debug|x64.Build.0 = Debug|Any CPU
		{1E26FE9D-EEF8-4C39-B54F-6CA12F7C7CA5}.Debug|x86.ActiveCfg = Debug|Any CPU
		{1E26FE9D-EEF8-4C39-B54F-6CA12F7C7CA5}.Debug|x86.Build.0 = Debug|Any CPU
		{1E26FE9D-EEF8-4C39-B54F-6CA12F7C7CA5}.Release|Any CPU.ActiveCfg = Release|Any CPU
		{1E26FE9D-EEF8-4C39-B54F-6CA12F7C7CA5}.Release|Any CPU.Build.0 = Release|Any CPU
		{1E26FE9D-EEF8-4C39-B54F-6CA12F7C7CA5}.Release|x64.ActiveCfg = Release|Any CPU
		{1E26FE9D-EEF8-4C39-B54F-6CA12F7C7CA5}.Release|x64.Build.0 = Release|Any CPU
		{1E26FE9D-EEF8-4C39-B54F-6CA12F7C7CA5}.Release|x86.ActiveCfg = Release|Any CPU
		{1E26FE9D-EEF8-4C39-B54F-6CA12F7C7CA5}.Release|x86.Build.0 = Release|Any CPU
		{6E78C31B-1D65-4B6C-B3A3-97EF2776CA8E}.Debug|Any CPU.ActiveCfg = Debug|Any CPU
		{6E78C31B-1D65-4B6C-B3A3-97EF2776CA8E}.Debug|Any CPU.Build.0 = Debug|Any CPU
		{6E78C31B-1D65-4B6C-B3A3-97EF2776CA8E}.Debug|x64.ActiveCfg = Debug|Any CPU
		{6E78C31B-1D65-4B6C-B3A3-97EF2776CA8E}.Debug|x64.Build.0 = Debug|Any CPU
		{6E78C31B-1D65-4B6C-B3A3-97EF2776CA8E}.Debug|x86.ActiveCfg = Debug|Any CPU
		{6E78C31B-1D65-4B6C-B3A3-97EF2776CA8E}.Debug|x86.Build.0 = Debug|Any CPU
		{6E78C31B-1D65-4B6C-B3A3-97EF2776CA8E}.Release|Any CPU.ActiveCfg = Release|Any CPU
		{6E78C31B-1D65-4B6C-B3A3-97EF2776CA8E}.Release|x64.ActiveCfg = Release|Any CPU
		{6E78C31B-1D65-4B6C-B3A3-97EF2776CA8E}.Release|x64.Build.0 = Release|Any CPU
		{6E78C31B-1D65-4B6C-B3A3-97EF2776CA8E}.Release|x86.ActiveCfg = Release|Any CPU
		{6E78C31B-1D65-4B6C-B3A3-97EF2776CA8E}.Release|x86.Build.0 = Release|Any CPU
		{34A3B072-5ABC-4F7C-B7E8-0AB67C58CC61}.Debug|Any CPU.ActiveCfg = Debug|Any CPU
		{34A3B072-5ABC-4F7C-B7E8-0AB67C58CC61}.Debug|Any CPU.Build.0 = Debug|Any CPU
		{34A3B072-5ABC-4F7C-B7E8-0AB67C58CC61}.Debug|x64.ActiveCfg = Debug|Any CPU
		{34A3B072-5ABC-4F7C-B7E8-0AB67C58CC61}.Debug|x64.Build.0 = Debug|Any CPU
		{34A3B072-5ABC-4F7C-B7E8-0AB67C58CC61}.Debug|x86.ActiveCfg = Debug|Any CPU
		{34A3B072-5ABC-4F7C-B7E8-0AB67C58CC61}.Debug|x86.Build.0 = Debug|Any CPU
		{34A3B072-5ABC-4F7C-B7E8-0AB67C58CC61}.Release|Any CPU.ActiveCfg = Release|Any CPU
		{34A3B072-5ABC-4F7C-B7E8-0AB67C58CC61}.Release|Any CPU.Build.0 = Release|Any CPU
		{34A3B072-5ABC-4F7C-B7E8-0AB67C58CC61}.Release|x64.ActiveCfg = Release|Any CPU
		{34A3B072-5ABC-4F7C-B7E8-0AB67C58CC61}.Release|x64.Build.0 = Release|Any CPU
		{34A3B072-5ABC-4F7C-B7E8-0AB67C58CC61}.Release|x86.ActiveCfg = Release|Any CPU
		{34A3B072-5ABC-4F7C-B7E8-0AB67C58CC61}.Release|x86.Build.0 = Release|Any CPU
		{6FED47F1-F7EF-42E8-9FF8-FC1439F04DF2}.Debug|Any CPU.ActiveCfg = Debug|Any CPU
		{6FED47F1-F7EF-42E8-9FF8-FC1439F04DF2}.Debug|Any CPU.Build.0 = Debug|Any CPU
		{6FED47F1-F7EF-42E8-9FF8-FC1439F04DF2}.Debug|x64.ActiveCfg = Debug|Any CPU
		{6FED47F1-F7EF-42E8-9FF8-FC1439F04DF2}.Debug|x64.Build.0 = Debug|Any CPU
		{6FED47F1-F7EF-42E8-9FF8-FC1439F04DF2}.Debug|x86.ActiveCfg = Debug|Any CPU
		{6FED47F1-F7EF-42E8-9FF8-FC1439F04DF2}.Debug|x86.Build.0 = Debug|Any CPU
		{6FED47F1-F7EF-42E8-9FF8-FC1439F04DF2}.Release|Any CPU.ActiveCfg = Release|Any CPU
		{6FED47F1-F7EF-42E8-9FF8-FC1439F04DF2}.Release|x64.ActiveCfg = Release|Any CPU
		{6FED47F1-F7EF-42E8-9FF8-FC1439F04DF2}.Release|x64.Build.0 = Release|Any CPU
		{6FED47F1-F7EF-42E8-9FF8-FC1439F04DF2}.Release|x86.ActiveCfg = Release|Any CPU
		{6FED47F1-F7EF-42E8-9FF8-FC1439F04DF2}.Release|x86.Build.0 = Release|Any CPU
		{018BCCC9-52FF-4A05-88FF-787A53BA8A31}.Debug|Any CPU.ActiveCfg = Debug|Any CPU
		{018BCCC9-52FF-4A05-88FF-787A53BA8A31}.Debug|Any CPU.Build.0 = Debug|Any CPU
		{018BCCC9-52FF-4A05-88FF-787A53BA8A31}.Debug|x64.ActiveCfg = Debug|Any CPU
		{018BCCC9-52FF-4A05-88FF-787A53BA8A31}.Debug|x64.Build.0 = Debug|Any CPU
		{018BCCC9-52FF-4A05-88FF-787A53BA8A31}.Debug|x86.ActiveCfg = Debug|Any CPU
		{018BCCC9-52FF-4A05-88FF-787A53BA8A31}.Debug|x86.Build.0 = Debug|Any CPU
		{018BCCC9-52FF-4A05-88FF-787A53BA8A31}.Release|Any CPU.ActiveCfg = Release|Any CPU
		{018BCCC9-52FF-4A05-88FF-787A53BA8A31}.Release|Any CPU.Build.0 = Release|Any CPU
		{018BCCC9-52FF-4A05-88FF-787A53BA8A31}.Release|x64.ActiveCfg = Release|Any CPU
		{018BCCC9-52FF-4A05-88FF-787A53BA8A31}.Release|x64.Build.0 = Release|Any CPU
		{018BCCC9-52FF-4A05-88FF-787A53BA8A31}.Release|x86.ActiveCfg = Release|Any CPU
		{018BCCC9-52FF-4A05-88FF-787A53BA8A31}.Release|x86.Build.0 = Release|Any CPU
		{EC00C3F3-81A6-4EA8-A602-AE03D9BA7258}.Debug|Any CPU.ActiveCfg = Debug|Any CPU
		{EC00C3F3-81A6-4EA8-A602-AE03D9BA7258}.Debug|Any CPU.Build.0 = Debug|Any CPU
		{EC00C3F3-81A6-4EA8-A602-AE03D9BA7258}.Debug|x64.ActiveCfg = Debug|Any CPU
		{EC00C3F3-81A6-4EA8-A602-AE03D9BA7258}.Debug|x64.Build.0 = Debug|Any CPU
		{EC00C3F3-81A6-4EA8-A602-AE03D9BA7258}.Debug|x86.ActiveCfg = Debug|Any CPU
		{EC00C3F3-81A6-4EA8-A602-AE03D9BA7258}.Debug|x86.Build.0 = Debug|Any CPU
		{EC00C3F3-81A6-4EA8-A602-AE03D9BA7258}.Release|Any CPU.ActiveCfg = Release|Any CPU
		{EC00C3F3-81A6-4EA8-A602-AE03D9BA7258}.Release|Any CPU.Build.0 = Release|Any CPU
		{EC00C3F3-81A6-4EA8-A602-AE03D9BA7258}.Release|x64.ActiveCfg = Release|Any CPU
		{EC00C3F3-81A6-4EA8-A602-AE03D9BA7258}.Release|x64.Build.0 = Release|Any CPU
		{EC00C3F3-81A6-4EA8-A602-AE03D9BA7258}.Release|x86.ActiveCfg = Release|Any CPU
		{EC00C3F3-81A6-4EA8-A602-AE03D9BA7258}.Release|x86.Build.0 = Release|Any CPU
		{7105CDA6-4678-45E2-80DD-A6BB89705540}.Debug|Any CPU.ActiveCfg = Debug|Any CPU
		{7105CDA6-4678-45E2-80DD-A6BB89705540}.Debug|x64.ActiveCfg = Debug|Any CPU
		{7105CDA6-4678-45E2-80DD-A6BB89705540}.Debug|x64.Build.0 = Debug|Any CPU
		{7105CDA6-4678-45E2-80DD-A6BB89705540}.Debug|x86.ActiveCfg = Debug|Any CPU
		{7105CDA6-4678-45E2-80DD-A6BB89705540}.Debug|x86.Build.0 = Debug|Any CPU
		{7105CDA6-4678-45E2-80DD-A6BB89705540}.Release|Any CPU.ActiveCfg = Release|Any CPU
		{7105CDA6-4678-45E2-80DD-A6BB89705540}.Release|x64.ActiveCfg = Release|Any CPU
		{7105CDA6-4678-45E2-80DD-A6BB89705540}.Release|x64.Build.0 = Release|Any CPU
		{7105CDA6-4678-45E2-80DD-A6BB89705540}.Release|x86.ActiveCfg = Release|Any CPU
		{7105CDA6-4678-45E2-80DD-A6BB89705540}.Release|x86.Build.0 = Release|Any CPU
		{F9B72DBD-0121-4470-809C-5672F9AC7F2D}.Debug|Any CPU.ActiveCfg = Debug|Any CPU
		{F9B72DBD-0121-4470-809C-5672F9AC7F2D}.Debug|Any CPU.Build.0 = Debug|Any CPU
		{F9B72DBD-0121-4470-809C-5672F9AC7F2D}.Debug|x64.ActiveCfg = Debug|Any CPU
		{F9B72DBD-0121-4470-809C-5672F9AC7F2D}.Debug|x64.Build.0 = Debug|Any CPU
		{F9B72DBD-0121-4470-809C-5672F9AC7F2D}.Debug|x86.ActiveCfg = Debug|Any CPU
		{F9B72DBD-0121-4470-809C-5672F9AC7F2D}.Debug|x86.Build.0 = Debug|Any CPU
		{F9B72DBD-0121-4470-809C-5672F9AC7F2D}.Release|Any CPU.ActiveCfg = Release|Any CPU
		{F9B72DBD-0121-4470-809C-5672F9AC7F2D}.Release|x64.ActiveCfg = Release|Any CPU
		{F9B72DBD-0121-4470-809C-5672F9AC7F2D}.Release|x64.Build.0 = Release|Any CPU
		{F9B72DBD-0121-4470-809C-5672F9AC7F2D}.Release|x86.ActiveCfg = Release|Any CPU
		{F9B72DBD-0121-4470-809C-5672F9AC7F2D}.Release|x86.Build.0 = Release|Any CPU
		{3F59D8BC-BDB8-4958-BB18-F53CB6FC23CA}.Debug|Any CPU.ActiveCfg = Debug|Any CPU
		{3F59D8BC-BDB8-4958-BB18-F53CB6FC23CA}.Debug|Any CPU.Build.0 = Debug|Any CPU
		{3F59D8BC-BDB8-4958-BB18-F53CB6FC23CA}.Debug|x64.ActiveCfg = Debug|Any CPU
		{3F59D8BC-BDB8-4958-BB18-F53CB6FC23CA}.Debug|x64.Build.0 = Debug|Any CPU
		{3F59D8BC-BDB8-4958-BB18-F53CB6FC23CA}.Debug|x86.ActiveCfg = Debug|Any CPU
		{3F59D8BC-BDB8-4958-BB18-F53CB6FC23CA}.Debug|x86.Build.0 = Debug|Any CPU
		{3F59D8BC-BDB8-4958-BB18-F53CB6FC23CA}.Release|Any CPU.ActiveCfg = Release|Any CPU
		{3F59D8BC-BDB8-4958-BB18-F53CB6FC23CA}.Release|Any CPU.Build.0 = Release|Any CPU
		{3F59D8BC-BDB8-4958-BB18-F53CB6FC23CA}.Release|x64.ActiveCfg = Release|Any CPU
		{3F59D8BC-BDB8-4958-BB18-F53CB6FC23CA}.Release|x64.Build.0 = Release|Any CPU
		{3F59D8BC-BDB8-4958-BB18-F53CB6FC23CA}.Release|x86.ActiveCfg = Release|Any CPU
		{3F59D8BC-BDB8-4958-BB18-F53CB6FC23CA}.Release|x86.Build.0 = Release|Any CPU
		{974D9FEE-BF6D-407F-95D4-6C131DB2F660}.Debug|Any CPU.ActiveCfg = Debug|Any CPU
		{974D9FEE-BF6D-407F-95D4-6C131DB2F660}.Debug|Any CPU.Build.0 = Debug|Any CPU
		{974D9FEE-BF6D-407F-95D4-6C131DB2F660}.Debug|x64.ActiveCfg = Debug|Any CPU
		{974D9FEE-BF6D-407F-95D4-6C131DB2F660}.Debug|x64.Build.0 = Debug|Any CPU
		{974D9FEE-BF6D-407F-95D4-6C131DB2F660}.Debug|x86.ActiveCfg = Debug|Any CPU
		{974D9FEE-BF6D-407F-95D4-6C131DB2F660}.Debug|x86.Build.0 = Debug|Any CPU
		{974D9FEE-BF6D-407F-95D4-6C131DB2F660}.Release|Any CPU.ActiveCfg = Release|Any CPU
		{974D9FEE-BF6D-407F-95D4-6C131DB2F660}.Release|x64.ActiveCfg = Release|Any CPU
		{974D9FEE-BF6D-407F-95D4-6C131DB2F660}.Release|x64.Build.0 = Release|Any CPU
		{974D9FEE-BF6D-407F-95D4-6C131DB2F660}.Release|x86.ActiveCfg = Release|Any CPU
		{974D9FEE-BF6D-407F-95D4-6C131DB2F660}.Release|x86.Build.0 = Release|Any CPU
		{3DFF25B4-2D04-4A38-AA43-FE222828A86C}.Debug|Any CPU.ActiveCfg = Debug|Any CPU
		{3DFF25B4-2D04-4A38-AA43-FE222828A86C}.Debug|Any CPU.Build.0 = Debug|Any CPU
		{3DFF25B4-2D04-4A38-AA43-FE222828A86C}.Debug|x64.ActiveCfg = Debug|Any CPU
		{3DFF25B4-2D04-4A38-AA43-FE222828A86C}.Debug|x64.Build.0 = Debug|Any CPU
		{3DFF25B4-2D04-4A38-AA43-FE222828A86C}.Debug|x86.ActiveCfg = Debug|Any CPU
		{3DFF25B4-2D04-4A38-AA43-FE222828A86C}.Debug|x86.Build.0 = Debug|Any CPU
		{3DFF25B4-2D04-4A38-AA43-FE222828A86C}.Release|Any CPU.ActiveCfg = Release|Any CPU
		{3DFF25B4-2D04-4A38-AA43-FE222828A86C}.Release|Any CPU.Build.0 = Release|Any CPU
		{3DFF25B4-2D04-4A38-AA43-FE222828A86C}.Release|x64.ActiveCfg = Release|Any CPU
		{3DFF25B4-2D04-4A38-AA43-FE222828A86C}.Release|x64.Build.0 = Release|Any CPU
		{3DFF25B4-2D04-4A38-AA43-FE222828A86C}.Release|x86.ActiveCfg = Release|Any CPU
		{3DFF25B4-2D04-4A38-AA43-FE222828A86C}.Release|x86.Build.0 = Release|Any CPU
		{26A16F92-E601-48CE-A258-0D339F44DED8}.Debug|Any CPU.ActiveCfg = Debug|Any CPU
		{26A16F92-E601-48CE-A258-0D339F44DED8}.Debug|Any CPU.Build.0 = Debug|Any CPU
		{26A16F92-E601-48CE-A258-0D339F44DED8}.Debug|x64.ActiveCfg = Debug|Any CPU
		{26A16F92-E601-48CE-A258-0D339F44DED8}.Debug|x64.Build.0 = Debug|Any CPU
		{26A16F92-E601-48CE-A258-0D339F44DED8}.Debug|x86.ActiveCfg = Debug|Any CPU
		{26A16F92-E601-48CE-A258-0D339F44DED8}.Debug|x86.Build.0 = Debug|Any CPU
		{26A16F92-E601-48CE-A258-0D339F44DED8}.Release|Any CPU.ActiveCfg = Release|Any CPU
		{26A16F92-E601-48CE-A258-0D339F44DED8}.Release|x64.ActiveCfg = Release|Any CPU
		{26A16F92-E601-48CE-A258-0D339F44DED8}.Release|x64.Build.0 = Release|Any CPU
		{26A16F92-E601-48CE-A258-0D339F44DED8}.Release|x86.ActiveCfg = Release|Any CPU
		{26A16F92-E601-48CE-A258-0D339F44DED8}.Release|x86.Build.0 = Release|Any CPU
	EndGlobalSection
	GlobalSection(SolutionProperties) = preSolution
		HideSolutionNode = FALSE
	EndGlobalSection
	GlobalSection(NestedProjects) = preSolution
		{6E78C31B-1D65-4B6C-B3A3-97EF2776CA8E} = {7089FA86-6527-4DFA-8018-AFEF25D74A48}
		{6FED47F1-F7EF-42E8-9FF8-FC1439F04DF2} = {7089FA86-6527-4DFA-8018-AFEF25D74A48}
		{7105CDA6-4678-45E2-80DD-A6BB89705540} = {7089FA86-6527-4DFA-8018-AFEF25D74A48}
		{F9B72DBD-0121-4470-809C-5672F9AC7F2D} = {7089FA86-6527-4DFA-8018-AFEF25D74A48}
		{974D9FEE-BF6D-407F-95D4-6C131DB2F660} = {7089FA86-6527-4DFA-8018-AFEF25D74A48}
		{26A16F92-E601-48CE-A258-0D339F44DED8} = {7089FA86-6527-4DFA-8018-AFEF25D74A48}
	EndGlobalSection
	GlobalSection(ExtensibilityGlobals) = postSolution
		SolutionGuid = {DD5B5B64-FEB1-4E05-90A1-64F3A1A0EB75}
	EndGlobalSection
EndGlobal
